// !$*UTF8*$!
{
	archiveVersion = 1;
	classes = {
	};
	objectVersion = 46;
	objects = {

/* Begin PBXBuildFile section */
		6360C6D31DFFE80B00A437D1 /* AboutUSViewController.m in Sources */ = {isa = PBXBuildFile; fileRef = 6360C6AF1DFFE80B00A437D1 /* AboutUSViewController.m */; };
		6360C6D41DFFE80B00A437D1 /* AboutUSViewController.xib in Resources */ = {isa = PBXBuildFile; fileRef = 6360C6B01DFFE80B00A437D1 /* AboutUSViewController.xib */; };
		6360C6D51DFFE80B00A437D1 /* MeViewController.m in Sources */ = {isa = PBXBuildFile; fileRef = 6360C6B21DFFE80B00A437D1 /* MeViewController.m */; };
		6360C6D61DFFE80B00A437D1 /* LockViewController.m in Sources */ = {isa = PBXBuildFile; fileRef = 6360C6B51DFFE80B00A437D1 /* LockViewController.m */; };
		6360C6D71DFFE80B00A437D1 /* PasswordViewController.m in Sources */ = {isa = PBXBuildFile; fileRef = 6360C6B71DFFE80B00A437D1 /* PasswordViewController.m */; };
		6360C6D81DFFE80B00A437D1 /* PasswordViewController.xib in Resources */ = {isa = PBXBuildFile; fileRef = 6360C6B81DFFE80B00A437D1 /* PasswordViewController.xib */; };
		6360C6D91DFFE80B00A437D1 /* PLockViewController.m in Sources */ = {isa = PBXBuildFile; fileRef = 6360C6BA1DFFE80B00A437D1 /* PLockViewController.m */; };
		6360C6DA1DFFE80B00A437D1 /* SafeViewController.m in Sources */ = {isa = PBXBuildFile; fileRef = 6360C6BC1DFFE80B00A437D1 /* SafeViewController.m */; };
		6360C6DB1DFFE80B00A437D1 /* LockCell.m in Sources */ = {isa = PBXBuildFile; fileRef = 6360C6C01DFFE80B00A437D1 /* LockCell.m */; };
		6360C6DC1DFFE80B00A437D1 /* LockCell.xib in Resources */ = {isa = PBXBuildFile; fileRef = 6360C6C11DFFE80B00A437D1 /* LockCell.xib */; };
		6360C6DD1DFFE80B00A437D1 /* MeHeadView.m in Sources */ = {isa = PBXBuildFile; fileRef = 6360C6C31DFFE80B00A437D1 /* MeHeadView.m */; };
		6360C6DE1DFFE80B00A437D1 /* MeHeadView.xib in Resources */ = {isa = PBXBuildFile; fileRef = 6360C6C41DFFE80B00A437D1 /* MeHeadView.xib */; };
		6360C6DF1DFFE80B00A437D1 /* PasswordView.m in Sources */ = {isa = PBXBuildFile; fileRef = 6360C6C61DFFE80B00A437D1 /* PasswordView.m */; };
		6360C6E01DFFE80B00A437D1 /* PasswordView.xib in Resources */ = {isa = PBXBuildFile; fileRef = 6360C6C71DFFE80B00A437D1 /* PasswordView.xib */; };
		6360C6E11DFFE80B00A437D1 /* ThemeViewController.m in Sources */ = {isa = PBXBuildFile; fileRef = 6360C6CB1DFFE80B00A437D1 /* ThemeViewController.m */; };
		6360C6E21DFFE80B00A437D1 /* ThemeModel.m in Sources */ = {isa = PBXBuildFile; fileRef = 6360C6CE1DFFE80B00A437D1 /* ThemeModel.m */; };
		6360C6E31DFFE80B00A437D1 /* ThemeCell.m in Sources */ = {isa = PBXBuildFile; fileRef = 6360C6D11DFFE80B00A437D1 /* ThemeCell.m */; };
		6360C6E41DFFE80B00A437D1 /* ThemeCell.xib in Resources */ = {isa = PBXBuildFile; fileRef = 6360C6D21DFFE80B00A437D1 /* ThemeCell.xib */; };
		6360C6E71DFFE83900A437D1 /* FocusViewController.m in Sources */ = {isa = PBXBuildFile; fileRef = 6360C6E61DFFE83900A437D1 /* FocusViewController.m */; };
		6361C8651E03886A00AE033D /* NSDictionary+FromString.m in Sources */ = {isa = PBXBuildFile; fileRef = 6361C8641E03886A00AE033D /* NSDictionary+FromString.m */; };
		6364808E1E0A4F7F003B627A /* PopoverAnimator.m in Sources */ = {isa = PBXBuildFile; fileRef = 6364808A1E0A4F7F003B627A /* PopoverAnimator.m */; };
		6364808F1E0A4F7F003B627A /* PopoverViewController.m in Sources */ = {isa = PBXBuildFile; fileRef = 6364808C1E0A4F7F003B627A /* PopoverViewController.m */; };
		636480901E0A4F7F003B627A /* PopoverViewController.storyboard in Resources */ = {isa = PBXBuildFile; fileRef = 6364808D1E0A4F7F003B627A /* PopoverViewController.storyboard */; };
		636480961E0A5440003B627A /* PresentViewController.m in Sources */ = {isa = PBXBuildFile; fileRef = 636480951E0A5440003B627A /* PresentViewController.m */; };
		636480A31E0A5DF8003B627A /* SettingCell.m in Sources */ = {isa = PBXBuildFile; fileRef = 6364809A1E0A5DF8003B627A /* SettingCell.m */; };
		636480A41E0A5DF8003B627A /* SettingCell.xib in Resources */ = {isa = PBXBuildFile; fileRef = 6364809B1E0A5DF8003B627A /* SettingCell.xib */; };
		636480A51E0A5DF8003B627A /* SettingCollectionReusableView.m in Sources */ = {isa = PBXBuildFile; fileRef = 6364809D1E0A5DF8003B627A /* SettingCollectionReusableView.m */; };
		636480A61E0A5DF8003B627A /* SettingCollectionReusableView.xib in Resources */ = {isa = PBXBuildFile; fileRef = 6364809E1E0A5DF8003B627A /* SettingCollectionReusableView.xib */; };
		636480A71E0A5DF8003B627A /* SettingViewController.m in Sources */ = {isa = PBXBuildFile; fileRef = 636480A11E0A5DF8003B627A /* SettingViewController.m */; };
		636480A81E0A5DF8003B627A /* SettingViewController.xib in Resources */ = {isa = PBXBuildFile; fileRef = 636480A21E0A5DF8003B627A /* SettingViewController.xib */; };
		6364CDB51DF50A6400427097 /* SexPickerTools.m in Sources */ = {isa = PBXBuildFile; fileRef = 6364CDB41DF50A6400427097 /* SexPickerTools.m */; };
		6364CDB71DF50AA700427097 /* SexPickerTools.xib in Resources */ = {isa = PBXBuildFile; fileRef = 6364CDB61DF50AA700427097 /* SexPickerTools.xib */; };
		6364CDBB1DF5314500427097 /* LoadManager.m in Sources */ = {isa = PBXBuildFile; fileRef = 6364CDBA1DF5314500427097 /* LoadManager.m */; };
		6364CDBE1DF53C8500427097 /* UIView+ViewController.m in Sources */ = {isa = PBXBuildFile; fileRef = 6364CDBD1DF53C8500427097 /* UIView+ViewController.m */; };
		6364CDC41DF5463100427097 /* HCDataHelper.m in Sources */ = {isa = PBXBuildFile; fileRef = 6364CDC11DF5463100427097 /* HCDataHelper.m */; };
		6364CDC51DF5463100427097 /* UICountingLabel.m in Sources */ = {isa = PBXBuildFile; fileRef = 6364CDC31DF5463100427097 /* UICountingLabel.m */; };
		6364CDDC1DF561BF00427097 /* SaveDataTools.m in Sources */ = {isa = PBXBuildFile; fileRef = 6364CDDB1DF561BF00427097 /* SaveDataTools.m */; };
		636553F61E02670B00E2D5E0 /* FocusCell.m in Sources */ = {isa = PBXBuildFile; fileRef = 636553F41E02670B00E2D5E0 /* FocusCell.m */; };
		636553F71E02670B00E2D5E0 /* FocusCell.xib in Resources */ = {isa = PBXBuildFile; fileRef = 636553F51E02670B00E2D5E0 /* FocusCell.xib */; };
		636553FA1E027A0300E2D5E0 /* DetailAddressViewController.m in Sources */ = {isa = PBXBuildFile; fileRef = 636553F91E027A0300E2D5E0 /* DetailAddressViewController.m */; };
		636553FD1E02947E00E2D5E0 /* MsgViewController.m in Sources */ = {isa = PBXBuildFile; fileRef = 636553FC1E02947E00E2D5E0 /* MsgViewController.m */; };
		636554011E02968300E2D5E0 /* MsgCell.m in Sources */ = {isa = PBXBuildFile; fileRef = 636553FF1E02968300E2D5E0 /* MsgCell.m */; };
		636554021E02968300E2D5E0 /* MsgCell.xib in Resources */ = {isa = PBXBuildFile; fileRef = 636554001E02968300E2D5E0 /* MsgCell.xib */; };
		636554051E029BA000E2D5E0 /* MsgModel.m in Sources */ = {isa = PBXBuildFile; fileRef = 636554041E029BA000E2D5E0 /* MsgModel.m */; };
		636790A91DF7A2FE000C3E31 /* NSNull+IsNull.m in Sources */ = {isa = PBXBuildFile; fileRef = 636790A81DF7A2FE000C3E31 /* NSNull+IsNull.m */; };
		636790C51DF7EF4F000C3E31 /* LocationViewController.m in Sources */ = {isa = PBXBuildFile; fileRef = 636790C41DF7EF4F000C3E31 /* LocationViewController.m */; };
		636B739F1DEFC6680042E7F9 /* main.m in Sources */ = {isa = PBXBuildFile; fileRef = 636B739E1DEFC6680042E7F9 /* main.m */; };
		636B73A21DEFC6680042E7F9 /* AppDelegate.m in Sources */ = {isa = PBXBuildFile; fileRef = 636B73A11DEFC6680042E7F9 /* AppDelegate.m */; };
		636B73AA1DEFC6680042E7F9 /* Assets.xcassets in Resources */ = {isa = PBXBuildFile; fileRef = 636B73A91DEFC6680042E7F9 /* Assets.xcassets */; };
		636B73AD1DEFC6680042E7F9 /* LaunchScreen.storyboard in Resources */ = {isa = PBXBuildFile; fileRef = 636B73AB1DEFC6680042E7F9 /* LaunchScreen.storyboard */; };
		636B73B81DEFC6690042E7F9 /* GraduationProject_ZCCTests.m in Sources */ = {isa = PBXBuildFile; fileRef = 636B73B71DEFC6690042E7F9 /* GraduationProject_ZCCTests.m */; };
		636B73C31DEFC6690042E7F9 /* GraduationProject_ZCCUITests.m in Sources */ = {isa = PBXBuildFile; fileRef = 636B73C21DEFC6690042E7F9 /* GraduationProject_ZCCUITests.m */; };
		636B73D31DEFCC1B0042E7F9 /* BaseNavigationController.m in Sources */ = {isa = PBXBuildFile; fileRef = 636B73D21DEFCC1B0042E7F9 /* BaseNavigationController.m */; };
		636B73D91DEFCC3B0042E7F9 /* BaseViewController.m in Sources */ = {isa = PBXBuildFile; fileRef = 636B73D81DEFCC3B0042E7F9 /* BaseViewController.m */; };
		636B73ED1DF014810042E7F9 /* UIBarButtonItem+CustomButton.m in Sources */ = {isa = PBXBuildFile; fileRef = 636B73EA1DF014810042E7F9 /* UIBarButtonItem+CustomButton.m */; };
		636B73EE1DF014810042E7F9 /* UIViewController+HUDHelper.m in Sources */ = {isa = PBXBuildFile; fileRef = 636B73EC1DF014810042E7F9 /* UIViewController+HUDHelper.m */; };
		636B73F61DF01CCF0042E7F9 /* AppTools.m in Sources */ = {isa = PBXBuildFile; fileRef = 636B73F51DF01CCF0042E7F9 /* AppTools.m */; };
		636B74111DF029F60042E7F9 /* MainViewController.m in Sources */ = {isa = PBXBuildFile; fileRef = 636B74101DF029F60042E7F9 /* MainViewController.m */; };
		638E81331DF160C200BB7654 /* BindPhoneViewController.m in Sources */ = {isa = PBXBuildFile; fileRef = 638E81251DF160C200BB7654 /* BindPhoneViewController.m */; };
		638E81341DF160C200BB7654 /* BindPhoneViewController.xib in Resources */ = {isa = PBXBuildFile; fileRef = 638E81261DF160C200BB7654 /* BindPhoneViewController.xib */; };
		638E81351DF160C200BB7654 /* LoginViewController.m in Sources */ = {isa = PBXBuildFile; fileRef = 638E81281DF160C200BB7654 /* LoginViewController.m */; };
		638E81361DF160C200BB7654 /* LoginViewController.xib in Resources */ = {isa = PBXBuildFile; fileRef = 638E81291DF160C200BB7654 /* LoginViewController.xib */; };
		638E81371DF160C200BB7654 /* PerfectViewController.m in Sources */ = {isa = PBXBuildFile; fileRef = 638E812B1DF160C200BB7654 /* PerfectViewController.m */; };
		638E81381DF160C200BB7654 /* RestPasswordViewController.m in Sources */ = {isa = PBXBuildFile; fileRef = 638E812D1DF160C200BB7654 /* RestPasswordViewController.m */; };
		638E81391DF160C200BB7654 /* RestPasswordViewController.xib in Resources */ = {isa = PBXBuildFile; fileRef = 638E812E1DF160C200BB7654 /* RestPasswordViewController.xib */; };
		638E813A1DF160C200BB7654 /* StartViewController.m in Sources */ = {isa = PBXBuildFile; fileRef = 638E81301DF160C200BB7654 /* StartViewController.m */; };
		638E813D1DF160DA00BB7654 /* PerfectHeadView.m in Sources */ = {isa = PBXBuildFile; fileRef = 638E813C1DF160DA00BB7654 /* PerfectHeadView.m */; };
		638E813F1DF1612700BB7654 /* PerfectHeadView.xib in Resources */ = {isa = PBXBuildFile; fileRef = 638E813E1DF1612700BB7654 /* PerfectHeadView.xib */; };
		638E81431DF16A7800BB7654 /* PerfectMsgCell.m in Sources */ = {isa = PBXBuildFile; fileRef = 638E81411DF16A7800BB7654 /* PerfectMsgCell.m */; };
		638E81441DF16A7800BB7654 /* PerfectMsgCell.xib in Resources */ = {isa = PBXBuildFile; fileRef = 638E81421DF16A7800BB7654 /* PerfectMsgCell.xib */; };
		638EAF7D1E0775B200F1AEB8 /* CalendarView.m in Sources */ = {isa = PBXBuildFile; fileRef = 638EAF7C1E0775B200F1AEB8 /* CalendarView.m */; };
		638EAF801E077F6800F1AEB8 /* SignViewController.m in Sources */ = {isa = PBXBuildFile; fileRef = 638EAF7F1E077F6800F1AEB8 /* SignViewController.m */; };
		63B581221DFE9C7A00BC959C /* HomeViewController.m in Sources */ = {isa = PBXBuildFile; fileRef = 63B581211DFE9C7A00BC959C /* HomeViewController.m */; };
		B4558E84024977644CA6C418 /* libPods-GraduationProject-ZCC.a in Frameworks */ = {isa = PBXBuildFile; fileRef = 156D673C949F06C5CF32EFC3 /* libPods-GraduationProject-ZCC.a */; };
/* End PBXBuildFile section */

/* Begin PBXContainerItemProxy section */
		636B73B41DEFC6690042E7F9 /* PBXContainerItemProxy */ = {
			isa = PBXContainerItemProxy;
			containerPortal = 636B73921DEFC6680042E7F9 /* Project object */;
			proxyType = 1;
			remoteGlobalIDString = 636B73991DEFC6680042E7F9;
			remoteInfo = "GraduationProject-ZCC";
		};
		636B73BF1DEFC6690042E7F9 /* PBXContainerItemProxy */ = {
			isa = PBXContainerItemProxy;
			containerPortal = 636B73921DEFC6680042E7F9 /* Project object */;
			proxyType = 1;
			remoteGlobalIDString = 636B73991DEFC6680042E7F9;
			remoteInfo = "GraduationProject-ZCC";
		};
/* End PBXContainerItemProxy section */

/* Begin PBXFileReference section */
		156D673C949F06C5CF32EFC3 /* libPods-GraduationProject-ZCC.a */ = {isa = PBXFileReference; explicitFileType = archive.ar; includeInIndex = 0; path = "libPods-GraduationProject-ZCC.a"; sourceTree = BUILT_PRODUCTS_DIR; };
		16AA2B755B08F4471E6C839F /* Pods-GraduationProject-ZCC.release.xcconfig */ = {isa = PBXFileReference; includeInIndex = 1; lastKnownFileType = text.xcconfig; name = "Pods-GraduationProject-ZCC.release.xcconfig"; path = "Pods/Target Support Files/Pods-GraduationProject-ZCC/Pods-GraduationProject-ZCC.release.xcconfig"; sourceTree = "<group>"; };
		6360C6AE1DFFE80B00A437D1 /* AboutUSViewController.h */ = {isa = PBXFileReference; fileEncoding = 4; lastKnownFileType = sourcecode.c.h; path = AboutUSViewController.h; sourceTree = "<group>"; };
		6360C6AF1DFFE80B00A437D1 /* AboutUSViewController.m */ = {isa = PBXFileReference; fileEncoding = 4; lastKnownFileType = sourcecode.c.objc; path = AboutUSViewController.m; sourceTree = "<group>"; };
		6360C6B01DFFE80B00A437D1 /* AboutUSViewController.xib */ = {isa = PBXFileReference; fileEncoding = 4; lastKnownFileType = file.xib; path = AboutUSViewController.xib; sourceTree = "<group>"; };
		6360C6B11DFFE80B00A437D1 /* MeViewController.h */ = {isa = PBXFileReference; fileEncoding = 4; lastKnownFileType = sourcecode.c.h; path = MeViewController.h; sourceTree = "<group>"; };
		6360C6B21DFFE80B00A437D1 /* MeViewController.m */ = {isa = PBXFileReference; fileEncoding = 4; lastKnownFileType = sourcecode.c.objc; path = MeViewController.m; sourceTree = "<group>"; };
		6360C6B41DFFE80B00A437D1 /* LockViewController.h */ = {isa = PBXFileReference; fileEncoding = 4; lastKnownFileType = sourcecode.c.h; path = LockViewController.h; sourceTree = "<group>"; };
		6360C6B51DFFE80B00A437D1 /* LockViewController.m */ = {isa = PBXFileReference; fileEncoding = 4; lastKnownFileType = sourcecode.c.objc; path = LockViewController.m; sourceTree = "<group>"; };
		6360C6B61DFFE80B00A437D1 /* PasswordViewController.h */ = {isa = PBXFileReference; fileEncoding = 4; lastKnownFileType = sourcecode.c.h; path = PasswordViewController.h; sourceTree = "<group>"; };
		6360C6B71DFFE80B00A437D1 /* PasswordViewController.m */ = {isa = PBXFileReference; fileEncoding = 4; lastKnownFileType = sourcecode.c.objc; path = PasswordViewController.m; sourceTree = "<group>"; };
		6360C6B81DFFE80B00A437D1 /* PasswordViewController.xib */ = {isa = PBXFileReference; fileEncoding = 4; lastKnownFileType = file.xib; path = PasswordViewController.xib; sourceTree = "<group>"; };
		6360C6B91DFFE80B00A437D1 /* PLockViewController.h */ = {isa = PBXFileReference; fileEncoding = 4; lastKnownFileType = sourcecode.c.h; path = PLockViewController.h; sourceTree = "<group>"; };
		6360C6BA1DFFE80B00A437D1 /* PLockViewController.m */ = {isa = PBXFileReference; fileEncoding = 4; lastKnownFileType = sourcecode.c.objc; path = PLockViewController.m; sourceTree = "<group>"; };
		6360C6BB1DFFE80B00A437D1 /* SafeViewController.h */ = {isa = PBXFileReference; fileEncoding = 4; lastKnownFileType = sourcecode.c.h; path = SafeViewController.h; sourceTree = "<group>"; };
		6360C6BC1DFFE80B00A437D1 /* SafeViewController.m */ = {isa = PBXFileReference; fileEncoding = 4; lastKnownFileType = sourcecode.c.objc; path = SafeViewController.m; sourceTree = "<group>"; };
		6360C6BF1DFFE80B00A437D1 /* LockCell.h */ = {isa = PBXFileReference; fileEncoding = 4; lastKnownFileType = sourcecode.c.h; path = LockCell.h; sourceTree = "<group>"; };
		6360C6C01DFFE80B00A437D1 /* LockCell.m */ = {isa = PBXFileReference; fileEncoding = 4; lastKnownFileType = sourcecode.c.objc; path = LockCell.m; sourceTree = "<group>"; };
		6360C6C11DFFE80B00A437D1 /* LockCell.xib */ = {isa = PBXFileReference; fileEncoding = 4; lastKnownFileType = file.xib; path = LockCell.xib; sourceTree = "<group>"; };
		6360C6C21DFFE80B00A437D1 /* MeHeadView.h */ = {isa = PBXFileReference; fileEncoding = 4; lastKnownFileType = sourcecode.c.h; path = MeHeadView.h; sourceTree = "<group>"; };
		6360C6C31DFFE80B00A437D1 /* MeHeadView.m */ = {isa = PBXFileReference; fileEncoding = 4; lastKnownFileType = sourcecode.c.objc; path = MeHeadView.m; sourceTree = "<group>"; };
		6360C6C41DFFE80B00A437D1 /* MeHeadView.xib */ = {isa = PBXFileReference; fileEncoding = 4; lastKnownFileType = file.xib; path = MeHeadView.xib; sourceTree = "<group>"; };
		6360C6C51DFFE80B00A437D1 /* PasswordView.h */ = {isa = PBXFileReference; fileEncoding = 4; lastKnownFileType = sourcecode.c.h; path = PasswordView.h; sourceTree = "<group>"; };
		6360C6C61DFFE80B00A437D1 /* PasswordView.m */ = {isa = PBXFileReference; fileEncoding = 4; lastKnownFileType = sourcecode.c.objc; path = PasswordView.m; sourceTree = "<group>"; };
		6360C6C71DFFE80B00A437D1 /* PasswordView.xib */ = {isa = PBXFileReference; fileEncoding = 4; lastKnownFileType = file.xib; path = PasswordView.xib; sourceTree = "<group>"; };
		6360C6CA1DFFE80B00A437D1 /* ThemeViewController.h */ = {isa = PBXFileReference; fileEncoding = 4; lastKnownFileType = sourcecode.c.h; path = ThemeViewController.h; sourceTree = "<group>"; };
		6360C6CB1DFFE80B00A437D1 /* ThemeViewController.m */ = {isa = PBXFileReference; fileEncoding = 4; lastKnownFileType = sourcecode.c.objc; path = ThemeViewController.m; sourceTree = "<group>"; };
		6360C6CD1DFFE80B00A437D1 /* ThemeModel.h */ = {isa = PBXFileReference; fileEncoding = 4; lastKnownFileType = sourcecode.c.h; path = ThemeModel.h; sourceTree = "<group>"; };
		6360C6CE1DFFE80B00A437D1 /* ThemeModel.m */ = {isa = PBXFileReference; fileEncoding = 4; lastKnownFileType = sourcecode.c.objc; path = ThemeModel.m; sourceTree = "<group>"; };
		6360C6D01DFFE80B00A437D1 /* ThemeCell.h */ = {isa = PBXFileReference; fileEncoding = 4; lastKnownFileType = sourcecode.c.h; path = ThemeCell.h; sourceTree = "<group>"; };
		6360C6D11DFFE80B00A437D1 /* ThemeCell.m */ = {isa = PBXFileReference; fileEncoding = 4; lastKnownFileType = sourcecode.c.objc; path = ThemeCell.m; sourceTree = "<group>"; };
		6360C6D21DFFE80B00A437D1 /* ThemeCell.xib */ = {isa = PBXFileReference; fileEncoding = 4; lastKnownFileType = file.xib; path = ThemeCell.xib; sourceTree = "<group>"; };
		6360C6E51DFFE83900A437D1 /* FocusViewController.h */ = {isa = PBXFileReference; fileEncoding = 4; lastKnownFileType = sourcecode.c.h; path = FocusViewController.h; sourceTree = "<group>"; };
		6360C6E61DFFE83900A437D1 /* FocusViewController.m */ = {isa = PBXFileReference; fileEncoding = 4; lastKnownFileType = sourcecode.c.objc; path = FocusViewController.m; sourceTree = "<group>"; };
		6361C8631E03886A00AE033D /* NSDictionary+FromString.h */ = {isa = PBXFileReference; fileEncoding = 4; lastKnownFileType = sourcecode.c.h; path = "NSDictionary+FromString.h"; sourceTree = "<group>"; };
		6361C8641E03886A00AE033D /* NSDictionary+FromString.m */ = {isa = PBXFileReference; fileEncoding = 4; lastKnownFileType = sourcecode.c.objc; path = "NSDictionary+FromString.m"; sourceTree = "<group>"; };
		636480891E0A4F7F003B627A /* PopoverAnimator.h */ = {isa = PBXFileReference; fileEncoding = 4; lastKnownFileType = sourcecode.c.h; path = PopoverAnimator.h; sourceTree = "<group>"; };
		6364808A1E0A4F7F003B627A /* PopoverAnimator.m */ = {isa = PBXFileReference; fileEncoding = 4; lastKnownFileType = sourcecode.c.objc; path = PopoverAnimator.m; sourceTree = "<group>"; };
		6364808B1E0A4F7F003B627A /* PopoverViewController.h */ = {isa = PBXFileReference; fileEncoding = 4; lastKnownFileType = sourcecode.c.h; path = PopoverViewController.h; sourceTree = "<group>"; };
		6364808C1E0A4F7F003B627A /* PopoverViewController.m */ = {isa = PBXFileReference; fileEncoding = 4; lastKnownFileType = sourcecode.c.objc; path = PopoverViewController.m; sourceTree = "<group>"; };
		6364808D1E0A4F7F003B627A /* PopoverViewController.storyboard */ = {isa = PBXFileReference; fileEncoding = 4; lastKnownFileType = file.storyboard; path = PopoverViewController.storyboard; sourceTree = "<group>"; };
		636480941E0A5440003B627A /* PresentViewController.h */ = {isa = PBXFileReference; fileEncoding = 4; lastKnownFileType = sourcecode.c.h; path = PresentViewController.h; sourceTree = "<group>"; };
		636480951E0A5440003B627A /* PresentViewController.m */ = {isa = PBXFileReference; fileEncoding = 4; lastKnownFileType = sourcecode.c.objc; path = PresentViewController.m; sourceTree = "<group>"; };
		636480991E0A5DF8003B627A /* SettingCell.h */ = {isa = PBXFileReference; fileEncoding = 4; lastKnownFileType = sourcecode.c.h; path = SettingCell.h; sourceTree = "<group>"; };
		6364809A1E0A5DF8003B627A /* SettingCell.m */ = {isa = PBXFileReference; fileEncoding = 4; lastKnownFileType = sourcecode.c.objc; path = SettingCell.m; sourceTree = "<group>"; };
		6364809B1E0A5DF8003B627A /* SettingCell.xib */ = {isa = PBXFileReference; fileEncoding = 4; lastKnownFileType = file.xib; path = SettingCell.xib; sourceTree = "<group>"; };
		6364809C1E0A5DF8003B627A /* SettingCollectionReusableView.h */ = {isa = PBXFileReference; fileEncoding = 4; lastKnownFileType = sourcecode.c.h; path = SettingCollectionReusableView.h; sourceTree = "<group>"; };
		6364809D1E0A5DF8003B627A /* SettingCollectionReusableView.m */ = {isa = PBXFileReference; fileEncoding = 4; lastKnownFileType = sourcecode.c.objc; path = SettingCollectionReusableView.m; sourceTree = "<group>"; };
		6364809E1E0A5DF8003B627A /* SettingCollectionReusableView.xib */ = {isa = PBXFileReference; fileEncoding = 4; lastKnownFileType = file.xib; path = SettingCollectionReusableView.xib; sourceTree = "<group>"; };
		636480A01E0A5DF8003B627A /* SettingViewController.h */ = {isa = PBXFileReference; fileEncoding = 4; lastKnownFileType = sourcecode.c.h; path = SettingViewController.h; sourceTree = "<group>"; };
		636480A11E0A5DF8003B627A /* SettingViewController.m */ = {isa = PBXFileReference; fileEncoding = 4; lastKnownFileType = sourcecode.c.objc; path = SettingViewController.m; sourceTree = "<group>"; };
		636480A21E0A5DF8003B627A /* SettingViewController.xib */ = {isa = PBXFileReference; fileEncoding = 4; lastKnownFileType = file.xib; path = SettingViewController.xib; sourceTree = "<group>"; };
		6364CDB31DF50A6400427097 /* SexPickerTools.h */ = {isa = PBXFileReference; fileEncoding = 4; lastKnownFileType = sourcecode.c.h; path = SexPickerTools.h; sourceTree = "<group>"; };
		6364CDB41DF50A6400427097 /* SexPickerTools.m */ = {isa = PBXFileReference; fileEncoding = 4; lastKnownFileType = sourcecode.c.objc; path = SexPickerTools.m; sourceTree = "<group>"; };
		6364CDB61DF50AA700427097 /* SexPickerTools.xib */ = {isa = PBXFileReference; fileEncoding = 4; lastKnownFileType = file.xib; path = SexPickerTools.xib; sourceTree = "<group>"; };
		6364CDB91DF5314500427097 /* LoadManager.h */ = {isa = PBXFileReference; fileEncoding = 4; lastKnownFileType = sourcecode.c.h; name = LoadManager.h; path = ../LoadManager.h; sourceTree = "<group>"; };
		6364CDBA1DF5314500427097 /* LoadManager.m */ = {isa = PBXFileReference; fileEncoding = 4; lastKnownFileType = sourcecode.c.objc; name = LoadManager.m; path = ../LoadManager.m; sourceTree = "<group>"; };
		6364CDBC1DF53C8500427097 /* UIView+ViewController.h */ = {isa = PBXFileReference; fileEncoding = 4; lastKnownFileType = sourcecode.c.h; path = "UIView+ViewController.h"; sourceTree = "<group>"; };
		6364CDBD1DF53C8500427097 /* UIView+ViewController.m */ = {isa = PBXFileReference; fileEncoding = 4; lastKnownFileType = sourcecode.c.objc; path = "UIView+ViewController.m"; sourceTree = "<group>"; };
		6364CDC01DF5463100427097 /* HCDataHelper.h */ = {isa = PBXFileReference; fileEncoding = 4; lastKnownFileType = sourcecode.c.h; path = HCDataHelper.h; sourceTree = "<group>"; };
		6364CDC11DF5463100427097 /* HCDataHelper.m */ = {isa = PBXFileReference; fileEncoding = 4; lastKnownFileType = sourcecode.c.objc; path = HCDataHelper.m; sourceTree = "<group>"; };
		6364CDC21DF5463100427097 /* UICountingLabel.h */ = {isa = PBXFileReference; fileEncoding = 4; lastKnownFileType = sourcecode.c.h; path = UICountingLabel.h; sourceTree = "<group>"; };
		6364CDC31DF5463100427097 /* UICountingLabel.m */ = {isa = PBXFileReference; fileEncoding = 4; lastKnownFileType = sourcecode.c.objc; path = UICountingLabel.m; sourceTree = "<group>"; };
		6364CDDA1DF561BF00427097 /* SaveDataTools.h */ = {isa = PBXFileReference; fileEncoding = 4; lastKnownFileType = sourcecode.c.h; path = SaveDataTools.h; sourceTree = "<group>"; };
		6364CDDB1DF561BF00427097 /* SaveDataTools.m */ = {isa = PBXFileReference; fileEncoding = 4; lastKnownFileType = sourcecode.c.objc; path = SaveDataTools.m; sourceTree = "<group>"; };
		636553F31E02670B00E2D5E0 /* FocusCell.h */ = {isa = PBXFileReference; fileEncoding = 4; lastKnownFileType = sourcecode.c.h; path = FocusCell.h; sourceTree = "<group>"; };
		636553F41E02670B00E2D5E0 /* FocusCell.m */ = {isa = PBXFileReference; fileEncoding = 4; lastKnownFileType = sourcecode.c.objc; path = FocusCell.m; sourceTree = "<group>"; };
		636553F51E02670B00E2D5E0 /* FocusCell.xib */ = {isa = PBXFileReference; fileEncoding = 4; lastKnownFileType = file.xib; path = FocusCell.xib; sourceTree = "<group>"; };
		636553F81E027A0300E2D5E0 /* DetailAddressViewController.h */ = {isa = PBXFileReference; fileEncoding = 4; lastKnownFileType = sourcecode.c.h; path = DetailAddressViewController.h; sourceTree = "<group>"; };
		636553F91E027A0300E2D5E0 /* DetailAddressViewController.m */ = {isa = PBXFileReference; fileEncoding = 4; lastKnownFileType = sourcecode.c.objc; path = DetailAddressViewController.m; sourceTree = "<group>"; };
		636553FB1E02947E00E2D5E0 /* MsgViewController.h */ = {isa = PBXFileReference; fileEncoding = 4; lastKnownFileType = sourcecode.c.h; path = MsgViewController.h; sourceTree = "<group>"; };
		636553FC1E02947E00E2D5E0 /* MsgViewController.m */ = {isa = PBXFileReference; fileEncoding = 4; lastKnownFileType = sourcecode.c.objc; path = MsgViewController.m; sourceTree = "<group>"; };
		636553FE1E02968300E2D5E0 /* MsgCell.h */ = {isa = PBXFileReference; fileEncoding = 4; lastKnownFileType = sourcecode.c.h; path = MsgCell.h; sourceTree = "<group>"; };
		636553FF1E02968300E2D5E0 /* MsgCell.m */ = {isa = PBXFileReference; fileEncoding = 4; lastKnownFileType = sourcecode.c.objc; path = MsgCell.m; sourceTree = "<group>"; };
		636554001E02968300E2D5E0 /* MsgCell.xib */ = {isa = PBXFileReference; fileEncoding = 4; lastKnownFileType = file.xib; path = MsgCell.xib; sourceTree = "<group>"; };
		636554031E029BA000E2D5E0 /* MsgModel.h */ = {isa = PBXFileReference; fileEncoding = 4; lastKnownFileType = sourcecode.c.h; path = MsgModel.h; sourceTree = "<group>"; };
		636554041E029BA000E2D5E0 /* MsgModel.m */ = {isa = PBXFileReference; fileEncoding = 4; lastKnownFileType = sourcecode.c.objc; path = MsgModel.m; sourceTree = "<group>"; };
		636790A71DF7A2FE000C3E31 /* NSNull+IsNull.h */ = {isa = PBXFileReference; fileEncoding = 4; lastKnownFileType = sourcecode.c.h; path = "NSNull+IsNull.h"; sourceTree = "<group>"; };
		636790A81DF7A2FE000C3E31 /* NSNull+IsNull.m */ = {isa = PBXFileReference; fileEncoding = 4; lastKnownFileType = sourcecode.c.objc; path = "NSNull+IsNull.m"; sourceTree = "<group>"; };
		636790C31DF7EF4F000C3E31 /* LocationViewController.h */ = {isa = PBXFileReference; fileEncoding = 4; lastKnownFileType = sourcecode.c.h; path = LocationViewController.h; sourceTree = "<group>"; };
		636790C41DF7EF4F000C3E31 /* LocationViewController.m */ = {isa = PBXFileReference; fileEncoding = 4; lastKnownFileType = sourcecode.c.objc; path = LocationViewController.m; sourceTree = "<group>"; };
		636B739A1DEFC6680042E7F9 /* GraduationProject-ZCC.app */ = {isa = PBXFileReference; explicitFileType = wrapper.application; includeInIndex = 0; path = "GraduationProject-ZCC.app"; sourceTree = BUILT_PRODUCTS_DIR; };
		636B739E1DEFC6680042E7F9 /* main.m */ = {isa = PBXFileReference; lastKnownFileType = sourcecode.c.objc; path = main.m; sourceTree = "<group>"; };
		636B73A01DEFC6680042E7F9 /* AppDelegate.h */ = {isa = PBXFileReference; lastKnownFileType = sourcecode.c.h; path = AppDelegate.h; sourceTree = "<group>"; };
		636B73A11DEFC6680042E7F9 /* AppDelegate.m */ = {isa = PBXFileReference; lastKnownFileType = sourcecode.c.objc; path = AppDelegate.m; sourceTree = "<group>"; };
		636B73A91DEFC6680042E7F9 /* Assets.xcassets */ = {isa = PBXFileReference; lastKnownFileType = folder.assetcatalog; path = Assets.xcassets; sourceTree = "<group>"; };
		636B73AC1DEFC6680042E7F9 /* Base */ = {isa = PBXFileReference; lastKnownFileType = file.storyboard; name = Base; path = Base.lproj/LaunchScreen.storyboard; sourceTree = "<group>"; };
		636B73AE1DEFC6680042E7F9 /* Info.plist */ = {isa = PBXFileReference; lastKnownFileType = text.plist.xml; path = Info.plist; sourceTree = "<group>"; };
		636B73B31DEFC6690042E7F9 /* GraduationProject-ZCCTests.xctest */ = {isa = PBXFileReference; explicitFileType = wrapper.cfbundle; includeInIndex = 0; path = "GraduationProject-ZCCTests.xctest"; sourceTree = BUILT_PRODUCTS_DIR; };
		636B73B71DEFC6690042E7F9 /* GraduationProject_ZCCTests.m */ = {isa = PBXFileReference; lastKnownFileType = sourcecode.c.objc; path = GraduationProject_ZCCTests.m; sourceTree = "<group>"; };
		636B73B91DEFC6690042E7F9 /* Info.plist */ = {isa = PBXFileReference; lastKnownFileType = text.plist.xml; path = Info.plist; sourceTree = "<group>"; };
		636B73BE1DEFC6690042E7F9 /* GraduationProject-ZCCUITests.xctest */ = {isa = PBXFileReference; explicitFileType = wrapper.cfbundle; includeInIndex = 0; path = "GraduationProject-ZCCUITests.xctest"; sourceTree = BUILT_PRODUCTS_DIR; };
		636B73C21DEFC6690042E7F9 /* GraduationProject_ZCCUITests.m */ = {isa = PBXFileReference; lastKnownFileType = sourcecode.c.objc; path = GraduationProject_ZCCUITests.m; sourceTree = "<group>"; };
		636B73C41DEFC6690042E7F9 /* Info.plist */ = {isa = PBXFileReference; lastKnownFileType = text.plist.xml; path = Info.plist; sourceTree = "<group>"; };
		636B73D11DEFCC1B0042E7F9 /* BaseNavigationController.h */ = {isa = PBXFileReference; fileEncoding = 4; lastKnownFileType = sourcecode.c.h; path = BaseNavigationController.h; sourceTree = "<group>"; };
		636B73D21DEFCC1B0042E7F9 /* BaseNavigationController.m */ = {isa = PBXFileReference; fileEncoding = 4; lastKnownFileType = sourcecode.c.objc; path = BaseNavigationController.m; sourceTree = "<group>"; };
		636B73D71DEFCC3B0042E7F9 /* BaseViewController.h */ = {isa = PBXFileReference; fileEncoding = 4; lastKnownFileType = sourcecode.c.h; path = BaseViewController.h; sourceTree = "<group>"; };
		636B73D81DEFCC3B0042E7F9 /* BaseViewController.m */ = {isa = PBXFileReference; fileEncoding = 4; lastKnownFileType = sourcecode.c.objc; path = BaseViewController.m; sourceTree = "<group>"; };
		636B73DD1DEFCCA10042E7F9 /* MyPch.pch */ = {isa = PBXFileReference; lastKnownFileType = sourcecode.c.h; path = MyPch.pch; sourceTree = "<group>"; };
		636B73DE1DEFCCB00042E7F9 /* Const.h */ = {isa = PBXFileReference; lastKnownFileType = sourcecode.c.h; path = Const.h; sourceTree = "<group>"; };
		636B73E91DF014810042E7F9 /* UIBarButtonItem+CustomButton.h */ = {isa = PBXFileReference; fileEncoding = 4; lastKnownFileType = sourcecode.c.h; path = "UIBarButtonItem+CustomButton.h"; sourceTree = "<group>"; };
		636B73EA1DF014810042E7F9 /* UIBarButtonItem+CustomButton.m */ = {isa = PBXFileReference; fileEncoding = 4; lastKnownFileType = sourcecode.c.objc; path = "UIBarButtonItem+CustomButton.m"; sourceTree = "<group>"; };
		636B73EB1DF014810042E7F9 /* UIViewController+HUDHelper.h */ = {isa = PBXFileReference; fileEncoding = 4; lastKnownFileType = sourcecode.c.h; path = "UIViewController+HUDHelper.h"; sourceTree = "<group>"; };
		636B73EC1DF014810042E7F9 /* UIViewController+HUDHelper.m */ = {isa = PBXFileReference; fileEncoding = 4; lastKnownFileType = sourcecode.c.objc; path = "UIViewController+HUDHelper.m"; sourceTree = "<group>"; };
		636B73F41DF01CCF0042E7F9 /* AppTools.h */ = {isa = PBXFileReference; fileEncoding = 4; lastKnownFileType = sourcecode.c.h; name = AppTools.h; path = ../AppTools.h; sourceTree = "<group>"; };
		636B73F51DF01CCF0042E7F9 /* AppTools.m */ = {isa = PBXFileReference; fileEncoding = 4; lastKnownFileType = sourcecode.c.objc; name = AppTools.m; path = ../AppTools.m; sourceTree = "<group>"; };
		636B740F1DF029F60042E7F9 /* MainViewController.h */ = {isa = PBXFileReference; fileEncoding = 4; lastKnownFileType = sourcecode.c.h; path = MainViewController.h; sourceTree = "<group>"; };
		636B74101DF029F60042E7F9 /* MainViewController.m */ = {isa = PBXFileReference; fileEncoding = 4; lastKnownFileType = sourcecode.c.objc; path = MainViewController.m; sourceTree = "<group>"; };
		638E81241DF160C200BB7654 /* BindPhoneViewController.h */ = {isa = PBXFileReference; fileEncoding = 4; lastKnownFileType = sourcecode.c.h; path = BindPhoneViewController.h; sourceTree = "<group>"; };
		638E81251DF160C200BB7654 /* BindPhoneViewController.m */ = {isa = PBXFileReference; fileEncoding = 4; lastKnownFileType = sourcecode.c.objc; path = BindPhoneViewController.m; sourceTree = "<group>"; };
		638E81261DF160C200BB7654 /* BindPhoneViewController.xib */ = {isa = PBXFileReference; fileEncoding = 4; lastKnownFileType = file.xib; path = BindPhoneViewController.xib; sourceTree = "<group>"; };
		638E81271DF160C200BB7654 /* LoginViewController.h */ = {isa = PBXFileReference; fileEncoding = 4; lastKnownFileType = sourcecode.c.h; path = LoginViewController.h; sourceTree = "<group>"; };
		638E81281DF160C200BB7654 /* LoginViewController.m */ = {isa = PBXFileReference; fileEncoding = 4; lastKnownFileType = sourcecode.c.objc; path = LoginViewController.m; sourceTree = "<group>"; };
		638E81291DF160C200BB7654 /* LoginViewController.xib */ = {isa = PBXFileReference; fileEncoding = 4; lastKnownFileType = file.xib; path = LoginViewController.xib; sourceTree = "<group>"; };
		638E812A1DF160C200BB7654 /* PerfectViewController.h */ = {isa = PBXFileReference; fileEncoding = 4; lastKnownFileType = sourcecode.c.h; path = PerfectViewController.h; sourceTree = "<group>"; };
		638E812B1DF160C200BB7654 /* PerfectViewController.m */ = {isa = PBXFileReference; fileEncoding = 4; lastKnownFileType = sourcecode.c.objc; path = PerfectViewController.m; sourceTree = "<group>"; };
		638E812C1DF160C200BB7654 /* RestPasswordViewController.h */ = {isa = PBXFileReference; fileEncoding = 4; lastKnownFileType = sourcecode.c.h; path = RestPasswordViewController.h; sourceTree = "<group>"; };
		638E812D1DF160C200BB7654 /* RestPasswordViewController.m */ = {isa = PBXFileReference; fileEncoding = 4; lastKnownFileType = sourcecode.c.objc; path = RestPasswordViewController.m; sourceTree = "<group>"; };
		638E812E1DF160C200BB7654 /* RestPasswordViewController.xib */ = {isa = PBXFileReference; fileEncoding = 4; lastKnownFileType = file.xib; path = RestPasswordViewController.xib; sourceTree = "<group>"; };
		638E812F1DF160C200BB7654 /* StartViewController.h */ = {isa = PBXFileReference; fileEncoding = 4; lastKnownFileType = sourcecode.c.h; path = StartViewController.h; sourceTree = "<group>"; };
		638E81301DF160C200BB7654 /* StartViewController.m */ = {isa = PBXFileReference; fileEncoding = 4; lastKnownFileType = sourcecode.c.objc; path = StartViewController.m; sourceTree = "<group>"; };
		638E813B1DF160DA00BB7654 /* PerfectHeadView.h */ = {isa = PBXFileReference; fileEncoding = 4; lastKnownFileType = sourcecode.c.h; path = PerfectHeadView.h; sourceTree = "<group>"; };
		638E813C1DF160DA00BB7654 /* PerfectHeadView.m */ = {isa = PBXFileReference; fileEncoding = 4; lastKnownFileType = sourcecode.c.objc; path = PerfectHeadView.m; sourceTree = "<group>"; };
		638E813E1DF1612700BB7654 /* PerfectHeadView.xib */ = {isa = PBXFileReference; fileEncoding = 4; lastKnownFileType = file.xib; path = PerfectHeadView.xib; sourceTree = "<group>"; };
		638E81401DF16A7800BB7654 /* PerfectMsgCell.h */ = {isa = PBXFileReference; fileEncoding = 4; lastKnownFileType = sourcecode.c.h; path = PerfectMsgCell.h; sourceTree = "<group>"; };
		638E81411DF16A7800BB7654 /* PerfectMsgCell.m */ = {isa = PBXFileReference; fileEncoding = 4; lastKnownFileType = sourcecode.c.objc; path = PerfectMsgCell.m; sourceTree = "<group>"; };
		638E81421DF16A7800BB7654 /* PerfectMsgCell.xib */ = {isa = PBXFileReference; fileEncoding = 4; lastKnownFileType = file.xib; path = PerfectMsgCell.xib; sourceTree = "<group>"; };
		638EAF7B1E0775B200F1AEB8 /* CalendarView.h */ = {isa = PBXFileReference; fileEncoding = 4; lastKnownFileType = sourcecode.c.h; path = CalendarView.h; sourceTree = "<group>"; };
		638EAF7C1E0775B200F1AEB8 /* CalendarView.m */ = {isa = PBXFileReference; fileEncoding = 4; lastKnownFileType = sourcecode.c.objc; path = CalendarView.m; sourceTree = "<group>"; };
		638EAF7E1E077F6800F1AEB8 /* SignViewController.h */ = {isa = PBXFileReference; fileEncoding = 4; lastKnownFileType = sourcecode.c.h; path = SignViewController.h; sourceTree = "<group>"; };
		638EAF7F1E077F6800F1AEB8 /* SignViewController.m */ = {isa = PBXFileReference; fileEncoding = 4; lastKnownFileType = sourcecode.c.objc; path = SignViewController.m; sourceTree = "<group>"; };
		63B581201DFE9C7A00BC959C /* HomeViewController.h */ = {isa = PBXFileReference; fileEncoding = 4; lastKnownFileType = sourcecode.c.h; path = HomeViewController.h; sourceTree = "<group>"; };
		63B581211DFE9C7A00BC959C /* HomeViewController.m */ = {isa = PBXFileReference; fileEncoding = 4; lastKnownFileType = sourcecode.c.objc; path = HomeViewController.m; sourceTree = "<group>"; };
		A963949E3CD318923A096B6A /* Pods-GraduationProject-ZCC.debug.xcconfig */ = {isa = PBXFileReference; includeInIndex = 1; lastKnownFileType = text.xcconfig; name = "Pods-GraduationProject-ZCC.debug.xcconfig"; path = "Pods/Target Support Files/Pods-GraduationProject-ZCC/Pods-GraduationProject-ZCC.debug.xcconfig"; sourceTree = "<group>"; };
/* End PBXFileReference section */

/* Begin PBXFrameworksBuildPhase section */
		636B73971DEFC6680042E7F9 /* Frameworks */ = {
			isa = PBXFrameworksBuildPhase;
			buildActionMask = 2147483647;
			files = (
				B4558E84024977644CA6C418 /* libPods-GraduationProject-ZCC.a in Frameworks */,
			);
			runOnlyForDeploymentPostprocessing = 0;
		};
		636B73B01DEFC6690042E7F9 /* Frameworks */ = {
			isa = PBXFrameworksBuildPhase;
			buildActionMask = 2147483647;
			files = (
			);
			runOnlyForDeploymentPostprocessing = 0;
		};
		636B73BB1DEFC6690042E7F9 /* Frameworks */ = {
			isa = PBXFrameworksBuildPhase;
			buildActionMask = 2147483647;
			files = (
			);
			runOnlyForDeploymentPostprocessing = 0;
		};
/* End PBXFrameworksBuildPhase section */

/* Begin PBXGroup section */
		5D6F021374B681131CBE7FF5 /* Pods */ = {
			isa = PBXGroup;
			children = (
				A963949E3CD318923A096B6A /* Pods-GraduationProject-ZCC.debug.xcconfig */,
				16AA2B755B08F4471E6C839F /* Pods-GraduationProject-ZCC.release.xcconfig */,
			);
			name = Pods;
			sourceTree = "<group>";
		};
		6360C6A71DFFE80B00A437D1 /* MeSetting */ = {
			isa = PBXGroup;
			children = (
				636480971E0A5DF8003B627A /* NewSetting */,
				6360C6A81DFFE80B00A437D1 /* FoucesVC */,
				6360C6AC1DFFE80B00A437D1 /* SettingVC */,
				6360C6C81DFFE80B00A437D1 /* ThemeVC */,
			);
			path = MeSetting;
			sourceTree = "<group>";
		};
		6360C6A81DFFE80B00A437D1 /* FoucesVC */ = {
			isa = PBXGroup;
			children = (
				6360C6A91DFFE80B00A437D1 /* Model */,
				6360C6AA1DFFE80B00A437D1 /* View */,
				6360C6AB1DFFE80B00A437D1 /* ViewController */,
			);
			path = FoucesVC;
			sourceTree = "<group>";
		};
		6360C6A91DFFE80B00A437D1 /* Model */ = {
			isa = PBXGroup;
			children = (
			);
			path = Model;
			sourceTree = "<group>";
		};
		6360C6AA1DFFE80B00A437D1 /* View */ = {
			isa = PBXGroup;
			children = (
				636553F31E02670B00E2D5E0 /* FocusCell.h */,
				636553F41E02670B00E2D5E0 /* FocusCell.m */,
				636553F51E02670B00E2D5E0 /* FocusCell.xib */,
			);
			path = View;
			sourceTree = "<group>";
		};
		6360C6AB1DFFE80B00A437D1 /* ViewController */ = {
			isa = PBXGroup;
			children = (
				6360C6E51DFFE83900A437D1 /* FocusViewController.h */,
				6360C6E61DFFE83900A437D1 /* FocusViewController.m */,
			);
			path = ViewController;
			sourceTree = "<group>";
		};
		6360C6AC1DFFE80B00A437D1 /* SettingVC */ = {
			isa = PBXGroup;
			children = (
				6360C6AD1DFFE80B00A437D1 /* Controller */,
				6360C6BD1DFFE80B00A437D1 /* Model */,
				6360C6BE1DFFE80B00A437D1 /* View */,
			);
			path = SettingVC;
			sourceTree = "<group>";
		};
		6360C6AD1DFFE80B00A437D1 /* Controller */ = {
			isa = PBXGroup;
			children = (
				6360C6AE1DFFE80B00A437D1 /* AboutUSViewController.h */,
				6360C6AF1DFFE80B00A437D1 /* AboutUSViewController.m */,
				6360C6B01DFFE80B00A437D1 /* AboutUSViewController.xib */,
				6360C6B11DFFE80B00A437D1 /* MeViewController.h */,
				6360C6B21DFFE80B00A437D1 /* MeViewController.m */,
				6360C6B31DFFE80B00A437D1 /* PasswordViewController */,
				6360C6BB1DFFE80B00A437D1 /* SafeViewController.h */,
				6360C6BC1DFFE80B00A437D1 /* SafeViewController.m */,
				638EAF7E1E077F6800F1AEB8 /* SignViewController.h */,
				638EAF7F1E077F6800F1AEB8 /* SignViewController.m */,
			);
			path = Controller;
			sourceTree = "<group>";
		};
		6360C6B31DFFE80B00A437D1 /* PasswordViewController */ = {
			isa = PBXGroup;
			children = (
				6360C6B41DFFE80B00A437D1 /* LockViewController.h */,
				6360C6B51DFFE80B00A437D1 /* LockViewController.m */,
				6360C6B61DFFE80B00A437D1 /* PasswordViewController.h */,
				6360C6B71DFFE80B00A437D1 /* PasswordViewController.m */,
				6360C6B81DFFE80B00A437D1 /* PasswordViewController.xib */,
				6360C6B91DFFE80B00A437D1 /* PLockViewController.h */,
				6360C6BA1DFFE80B00A437D1 /* PLockViewController.m */,
			);
			path = PasswordViewController;
			sourceTree = "<group>";
		};
		6360C6BD1DFFE80B00A437D1 /* Model */ = {
			isa = PBXGroup;
			children = (
			);
			path = Model;
			sourceTree = "<group>";
		};
		6360C6BE1DFFE80B00A437D1 /* View */ = {
			isa = PBXGroup;
			children = (
				6360C6BF1DFFE80B00A437D1 /* LockCell.h */,
				6360C6C01DFFE80B00A437D1 /* LockCell.m */,
				6360C6C11DFFE80B00A437D1 /* LockCell.xib */,
				6360C6C21DFFE80B00A437D1 /* MeHeadView.h */,
				6360C6C31DFFE80B00A437D1 /* MeHeadView.m */,
				6360C6C41DFFE80B00A437D1 /* MeHeadView.xib */,
				6360C6C51DFFE80B00A437D1 /* PasswordView.h */,
				6360C6C61DFFE80B00A437D1 /* PasswordView.m */,
				6360C6C71DFFE80B00A437D1 /* PasswordView.xib */,
				638EAF7B1E0775B200F1AEB8 /* CalendarView.h */,
				638EAF7C1E0775B200F1AEB8 /* CalendarView.m */,
			);
			path = View;
			sourceTree = "<group>";
		};
		6360C6C81DFFE80B00A437D1 /* ThemeVC */ = {
			isa = PBXGroup;
			children = (
				6360C6C91DFFE80B00A437D1 /* Controller */,
				6360C6CC1DFFE80B00A437D1 /* Model */,
				6360C6CF1DFFE80B00A437D1 /* View */,
			);
			path = ThemeVC;
			sourceTree = "<group>";
		};
		6360C6C91DFFE80B00A437D1 /* Controller */ = {
			isa = PBXGroup;
			children = (
				6360C6CA1DFFE80B00A437D1 /* ThemeViewController.h */,
				6360C6CB1DFFE80B00A437D1 /* ThemeViewController.m */,
			);
			path = Controller;
			sourceTree = "<group>";
		};
		6360C6CC1DFFE80B00A437D1 /* Model */ = {
			isa = PBXGroup;
			children = (
				6360C6CD1DFFE80B00A437D1 /* ThemeModel.h */,
				6360C6CE1DFFE80B00A437D1 /* ThemeModel.m */,
			);
			path = Model;
			sourceTree = "<group>";
		};
		6360C6CF1DFFE80B00A437D1 /* View */ = {
			isa = PBXGroup;
			children = (
				6360C6D01DFFE80B00A437D1 /* ThemeCell.h */,
				6360C6D11DFFE80B00A437D1 /* ThemeCell.m */,
				6360C6D21DFFE80B00A437D1 /* ThemeCell.xib */,
			);
			path = View;
			sourceTree = "<group>";
		};
		636480881E0A4F7F003B627A /* PopoverVC */ = {
			isa = PBXGroup;
			children = (
				636480891E0A4F7F003B627A /* PopoverAnimator.h */,
				6364808A1E0A4F7F003B627A /* PopoverAnimator.m */,
				6364808B1E0A4F7F003B627A /* PopoverViewController.h */,
				6364808C1E0A4F7F003B627A /* PopoverViewController.m */,
				6364808D1E0A4F7F003B627A /* PopoverViewController.storyboard */,
				636480941E0A5440003B627A /* PresentViewController.h */,
				636480951E0A5440003B627A /* PresentViewController.m */,
			);
			path = PopoverVC;
			sourceTree = "<group>";
		};
		636480971E0A5DF8003B627A /* NewSetting */ = {
			isa = PBXGroup;
			children = (
				636480981E0A5DF8003B627A /* View */,
				6364809F1E0A5DF8003B627A /* ViewController */,
			);
			path = NewSetting;
			sourceTree = "<group>";
		};
		636480981E0A5DF8003B627A /* View */ = {
			isa = PBXGroup;
			children = (
				636480991E0A5DF8003B627A /* SettingCell.h */,
				6364809A1E0A5DF8003B627A /* SettingCell.m */,
				6364809B1E0A5DF8003B627A /* SettingCell.xib */,
				6364809C1E0A5DF8003B627A /* SettingCollectionReusableView.h */,
				6364809D1E0A5DF8003B627A /* SettingCollectionReusableView.m */,
				6364809E1E0A5DF8003B627A /* SettingCollectionReusableView.xib */,
			);
			path = View;
			sourceTree = "<group>";
		};
		6364809F1E0A5DF8003B627A /* ViewController */ = {
			isa = PBXGroup;
			children = (
				636480A01E0A5DF8003B627A /* SettingViewController.h */,
				636480A11E0A5DF8003B627A /* SettingViewController.m */,
				636480A21E0A5DF8003B627A /* SettingViewController.xib */,
			);
			path = ViewController;
			sourceTree = "<group>";
		};
		6364CDBF1DF5462800427097 /* CommonTools */ = {
			isa = PBXGroup;
			children = (
				6364CDC01DF5463100427097 /* HCDataHelper.h */,
				6364CDC11DF5463100427097 /* HCDataHelper.m */,
				6364CDC21DF5463100427097 /* UICountingLabel.h */,
				6364CDC31DF5463100427097 /* UICountingLabel.m */,
			);
			path = CommonTools;
			sourceTree = "<group>";
		};
		6364CDD91DF561A400427097 /* MyTools */ = {
			isa = PBXGroup;
			children = (
				636480881E0A4F7F003B627A /* PopoverVC */,
				636B73F41DF01CCF0042E7F9 /* AppTools.h */,
				636B73F51DF01CCF0042E7F9 /* AppTools.m */,
				6364CDB91DF5314500427097 /* LoadManager.h */,
				6364CDBA1DF5314500427097 /* LoadManager.m */,
				6364CDDA1DF561BF00427097 /* SaveDataTools.h */,
				6364CDDB1DF561BF00427097 /* SaveDataTools.m */,
			);
			path = MyTools;
			sourceTree = "<group>";
		};
		636B73911DEFC6680042E7F9 = {
			isa = PBXGroup;
			children = (
				636B739C1DEFC6680042E7F9 /* GraduationProject-ZCC */,
				636B73B61DEFC6690042E7F9 /* GraduationProject-ZCCTests */,
				636B73C11DEFC6690042E7F9 /* GraduationProject-ZCCUITests */,
				636B739B1DEFC6680042E7F9 /* Products */,
				5D6F021374B681131CBE7FF5 /* Pods */,
				CD1E45ED09C58D3F7BD4891B /* Frameworks */,
			);
			sourceTree = "<group>";
		};
		636B739B1DEFC6680042E7F9 /* Products */ = {
			isa = PBXGroup;
			children = (
				636B739A1DEFC6680042E7F9 /* GraduationProject-ZCC.app */,
				636B73B31DEFC6690042E7F9 /* GraduationProject-ZCCTests.xctest */,
				636B73BE1DEFC6690042E7F9 /* GraduationProject-ZCCUITests.xctest */,
			);
			name = Products;
			sourceTree = "<group>";
		};
		636B739C1DEFC6680042E7F9 /* GraduationProject-ZCC */ = {
			isa = PBXGroup;
			children = (
				6364CDD91DF561A400427097 /* MyTools */,
				6364CDBF1DF5462800427097 /* CommonTools */,
				636B73E81DF014460042E7F9 /* CategoryTools */,
				636B73D01DEFCBFD0042E7F9 /* BaseTools */,
				636B73A01DEFC6680042E7F9 /* AppDelegate.h */,
				636B73A11DEFC6680042E7F9 /* AppDelegate.m */,
				636B740F1DF029F60042E7F9 /* MainViewController.h */,
				636B74101DF029F60042E7F9 /* MainViewController.m */,
				6360C6A71DFFE80B00A437D1 /* MeSetting */,
				63B5811C1DFE9C5E00BC959C /* Home */,
				636B73FC1DF024080042E7F9 /* Login */,
				636B739D1DEFC6680042E7F9 /* Supporting Files */,
			);
			path = "GraduationProject-ZCC";
			sourceTree = "<group>";
		};
		636B739D1DEFC6680042E7F9 /* Supporting Files */ = {
			isa = PBXGroup;
			children = (
				636B73A91DEFC6680042E7F9 /* Assets.xcassets */,
				636B73AB1DEFC6680042E7F9 /* LaunchScreen.storyboard */,
				636B73AE1DEFC6680042E7F9 /* Info.plist */,
				636B739E1DEFC6680042E7F9 /* main.m */,
				636B73DD1DEFCCA10042E7F9 /* MyPch.pch */,
				636B73DE1DEFCCB00042E7F9 /* Const.h */,
			);
			name = "Supporting Files";
			sourceTree = "<group>";
		};
		636B73B61DEFC6690042E7F9 /* GraduationProject-ZCCTests */ = {
			isa = PBXGroup;
			children = (
				636B73B71DEFC6690042E7F9 /* GraduationProject_ZCCTests.m */,
				636B73B91DEFC6690042E7F9 /* Info.plist */,
			);
			path = "GraduationProject-ZCCTests";
			sourceTree = "<group>";
		};
		636B73C11DEFC6690042E7F9 /* GraduationProject-ZCCUITests */ = {
			isa = PBXGroup;
			children = (
				636B73C21DEFC6690042E7F9 /* GraduationProject_ZCCUITests.m */,
				636B73C41DEFC6690042E7F9 /* Info.plist */,
			);
			path = "GraduationProject-ZCCUITests";
			sourceTree = "<group>";
		};
		636B73D01DEFCBFD0042E7F9 /* BaseTools */ = {
			isa = PBXGroup;
			children = (
				636B73D11DEFCC1B0042E7F9 /* BaseNavigationController.h */,
				636B73D21DEFCC1B0042E7F9 /* BaseNavigationController.m */,
				636B73D71DEFCC3B0042E7F9 /* BaseViewController.h */,
				636B73D81DEFCC3B0042E7F9 /* BaseViewController.m */,
			);
			path = BaseTools;
			sourceTree = "<group>";
		};
		636B73E81DF014460042E7F9 /* CategoryTools */ = {
			isa = PBXGroup;
			children = (
				6364CDBC1DF53C8500427097 /* UIView+ViewController.h */,
				6364CDBD1DF53C8500427097 /* UIView+ViewController.m */,
				636B73E91DF014810042E7F9 /* UIBarButtonItem+CustomButton.h */,
				636B73EA1DF014810042E7F9 /* UIBarButtonItem+CustomButton.m */,
				636B73EB1DF014810042E7F9 /* UIViewController+HUDHelper.h */,
				636B73EC1DF014810042E7F9 /* UIViewController+HUDHelper.m */,
				636790A71DF7A2FE000C3E31 /* NSNull+IsNull.h */,
				636790A81DF7A2FE000C3E31 /* NSNull+IsNull.m */,
				6361C8631E03886A00AE033D /* NSDictionary+FromString.h */,
				6361C8641E03886A00AE033D /* NSDictionary+FromString.m */,
			);
			path = CategoryTools;
			sourceTree = "<group>";
		};
		636B73FC1DF024080042E7F9 /* Login */ = {
			isa = PBXGroup;
			children = (
				638E81321DF160C200BB7654 /* View */,
				638E81231DF160C200BB7654 /* Controller */,
				638E81311DF160C200BB7654 /* Model */,
			);
			path = Login;
			sourceTree = "<group>";
		};
		638E81231DF160C200BB7654 /* Controller */ = {
			isa = PBXGroup;
			children = (
				638E812F1DF160C200BB7654 /* StartViewController.h */,
				638E81301DF160C200BB7654 /* StartViewController.m */,
				638E81271DF160C200BB7654 /* LoginViewController.h */,
				638E81281DF160C200BB7654 /* LoginViewController.m */,
				638E81291DF160C200BB7654 /* LoginViewController.xib */,
				638E812A1DF160C200BB7654 /* PerfectViewController.h */,
				638E812B1DF160C200BB7654 /* PerfectViewController.m */,
				638E812C1DF160C200BB7654 /* RestPasswordViewController.h */,
				638E812D1DF160C200BB7654 /* RestPasswordViewController.m */,
				638E812E1DF160C200BB7654 /* RestPasswordViewController.xib */,
				638E81241DF160C200BB7654 /* BindPhoneViewController.h */,
				638E81251DF160C200BB7654 /* BindPhoneViewController.m */,
				638E81261DF160C200BB7654 /* BindPhoneViewController.xib */,
				636790C31DF7EF4F000C3E31 /* LocationViewController.h */,
				636790C41DF7EF4F000C3E31 /* LocationViewController.m */,
			);
			path = Controller;
			sourceTree = "<group>";
		};
		638E81311DF160C200BB7654 /* Model */ = {
			isa = PBXGroup;
			children = (
			);
			path = Model;
			sourceTree = "<group>";
		};
		638E81321DF160C200BB7654 /* View */ = {
			isa = PBXGroup;
			children = (
				638E813B1DF160DA00BB7654 /* PerfectHeadView.h */,
				638E813C1DF160DA00BB7654 /* PerfectHeadView.m */,
				638E813E1DF1612700BB7654 /* PerfectHeadView.xib */,
				638E81401DF16A7800BB7654 /* PerfectMsgCell.h */,
				638E81411DF16A7800BB7654 /* PerfectMsgCell.m */,
				638E81421DF16A7800BB7654 /* PerfectMsgCell.xib */,
				6364CDB31DF50A6400427097 /* SexPickerTools.h */,
				6364CDB41DF50A6400427097 /* SexPickerTools.m */,
				6364CDB61DF50AA700427097 /* SexPickerTools.xib */,
			);
			path = View;
			sourceTree = "<group>";
		};
		63B5811C1DFE9C5E00BC959C /* Home */ = {
			isa = PBXGroup;
			children = (
				63B5811D1DFE9C5E00BC959C /* Model */,
				63B5811E1DFE9C5E00BC959C /* View */,
				63B5811F1DFE9C5E00BC959C /* ViewController */,
			);
			path = Home;
			sourceTree = "<group>";
		};
		63B5811D1DFE9C5E00BC959C /* Model */ = {
			isa = PBXGroup;
			children = (
				636554031E029BA000E2D5E0 /* MsgModel.h */,
				636554041E029BA000E2D5E0 /* MsgModel.m */,
			);
			path = Model;
			sourceTree = "<group>";
		};
		63B5811E1DFE9C5E00BC959C /* View */ = {
			isa = PBXGroup;
			children = (
				636553FE1E02968300E2D5E0 /* MsgCell.h */,
				636553FF1E02968300E2D5E0 /* MsgCell.m */,
				636554001E02968300E2D5E0 /* MsgCell.xib */,
			);
			path = View;
			sourceTree = "<group>";
		};
		63B5811F1DFE9C5E00BC959C /* ViewController */ = {
			isa = PBXGroup;
			children = (
				63B581201DFE9C7A00BC959C /* HomeViewController.h */,
				63B581211DFE9C7A00BC959C /* HomeViewController.m */,
				636553F81E027A0300E2D5E0 /* DetailAddressViewController.h */,
				636553F91E027A0300E2D5E0 /* DetailAddressViewController.m */,
				636553FB1E02947E00E2D5E0 /* MsgViewController.h */,
				636553FC1E02947E00E2D5E0 /* MsgViewController.m */,
			);
			path = ViewController;
			sourceTree = "<group>";
		};
		CD1E45ED09C58D3F7BD4891B /* Frameworks */ = {
			isa = PBXGroup;
			children = (
				156D673C949F06C5CF32EFC3 /* libPods-GraduationProject-ZCC.a */,
			);
			name = Frameworks;
			sourceTree = "<group>";
		};
/* End PBXGroup section */

/* Begin PBXNativeTarget section */
		636B73991DEFC6680042E7F9 /* GraduationProject-ZCC */ = {
			isa = PBXNativeTarget;
			buildConfigurationList = 636B73C71DEFC6690042E7F9 /* Build configuration list for PBXNativeTarget "GraduationProject-ZCC" */;
			buildPhases = (
				8C12EA8768D46F470003035C /* [CP] Check Pods Manifest.lock */,
				636B73961DEFC6680042E7F9 /* Sources */,
				636B73971DEFC6680042E7F9 /* Frameworks */,
				636B73981DEFC6680042E7F9 /* Resources */,
				485E3CF51596DC6D163EC240 /* [CP] Embed Pods Frameworks */,
				5C942B353EACF0A672F03C82 /* [CP] Copy Pods Resources */,
			);
			buildRules = (
			);
			dependencies = (
			);
			name = "GraduationProject-ZCC";
			productName = "GraduationProject-ZCC";
			productReference = 636B739A1DEFC6680042E7F9 /* GraduationProject-ZCC.app */;
			productType = "com.apple.product-type.application";
		};
		636B73B21DEFC6690042E7F9 /* GraduationProject-ZCCTests */ = {
			isa = PBXNativeTarget;
			buildConfigurationList = 636B73CA1DEFC6690042E7F9 /* Build configuration list for PBXNativeTarget "GraduationProject-ZCCTests" */;
			buildPhases = (
				636B73AF1DEFC6690042E7F9 /* Sources */,
				636B73B01DEFC6690042E7F9 /* Frameworks */,
				636B73B11DEFC6690042E7F9 /* Resources */,
			);
			buildRules = (
			);
			dependencies = (
				636B73B51DEFC6690042E7F9 /* PBXTargetDependency */,
			);
			name = "GraduationProject-ZCCTests";
			productName = "GraduationProject-ZCCTests";
			productReference = 636B73B31DEFC6690042E7F9 /* GraduationProject-ZCCTests.xctest */;
			productType = "com.apple.product-type.bundle.unit-test";
		};
		636B73BD1DEFC6690042E7F9 /* GraduationProject-ZCCUITests */ = {
			isa = PBXNativeTarget;
			buildConfigurationList = 636B73CD1DEFC6690042E7F9 /* Build configuration list for PBXNativeTarget "GraduationProject-ZCCUITests" */;
			buildPhases = (
				636B73BA1DEFC6690042E7F9 /* Sources */,
				636B73BB1DEFC6690042E7F9 /* Frameworks */,
				636B73BC1DEFC6690042E7F9 /* Resources */,
			);
			buildRules = (
			);
			dependencies = (
				636B73C01DEFC6690042E7F9 /* PBXTargetDependency */,
			);
			name = "GraduationProject-ZCCUITests";
			productName = "GraduationProject-ZCCUITests";
			productReference = 636B73BE1DEFC6690042E7F9 /* GraduationProject-ZCCUITests.xctest */;
			productType = "com.apple.product-type.bundle.ui-testing";
		};
/* End PBXNativeTarget section */

/* Begin PBXProject section */
		636B73921DEFC6680042E7F9 /* Project object */ = {
			isa = PBXProject;
			attributes = {
				LastUpgradeCheck = 0820;
				ORGANIZATIONNAME = "诺达科技";
				TargetAttributes = {
					636B73991DEFC6680042E7F9 = {
						CreatedOnToolsVersion = 8.1;
						DevelopmentTeam = Z3J38YFUTH;
						ProvisioningStyle = Automatic;
					};
					636B73B21DEFC6690042E7F9 = {
						CreatedOnToolsVersion = 8.1;
						DevelopmentTeam = Z3J38YFUTH;
						ProvisioningStyle = Automatic;
						TestTargetID = 636B73991DEFC6680042E7F9;
					};
					636B73BD1DEFC6690042E7F9 = {
						CreatedOnToolsVersion = 8.1;
						DevelopmentTeam = Z3J38YFUTH;
						ProvisioningStyle = Automatic;
						TestTargetID = 636B73991DEFC6680042E7F9;
					};
				};
			};
			buildConfigurationList = 636B73951DEFC6680042E7F9 /* Build configuration list for PBXProject "GraduationProject-ZCC" */;
			compatibilityVersion = "Xcode 3.2";
			developmentRegion = English;
			hasScannedForEncodings = 0;
			knownRegions = (
				en,
				Base,
			);
			mainGroup = 636B73911DEFC6680042E7F9;
			productRefGroup = 636B739B1DEFC6680042E7F9 /* Products */;
			projectDirPath = "";
			projectRoot = "";
			targets = (
				636B73991DEFC6680042E7F9 /* GraduationProject-ZCC */,
				636B73B21DEFC6690042E7F9 /* GraduationProject-ZCCTests */,
				636B73BD1DEFC6690042E7F9 /* GraduationProject-ZCCUITests */,
			);
		};
/* End PBXProject section */

/* Begin PBXResourcesBuildPhase section */
		636B73981DEFC6680042E7F9 /* Resources */ = {
			isa = PBXResourcesBuildPhase;
			buildActionMask = 2147483647;
			files = (
				638E81361DF160C200BB7654 /* LoginViewController.xib in Resources */,
				638E81341DF160C200BB7654 /* BindPhoneViewController.xib in Resources */,
				6364CDB71DF50AA700427097 /* SexPickerTools.xib in Resources */,
				636554021E02968300E2D5E0 /* MsgCell.xib in Resources */,
				636480A41E0A5DF8003B627A /* SettingCell.xib in Resources */,
				636B73AD1DEFC6680042E7F9 /* LaunchScreen.storyboard in Resources */,
				636553F71E02670B00E2D5E0 /* FocusCell.xib in Resources */,
				636B73AA1DEFC6680042E7F9 /* Assets.xcassets in Resources */,
				6360C6E41DFFE80B00A437D1 /* ThemeCell.xib in Resources */,
				6360C6DC1DFFE80B00A437D1 /* LockCell.xib in Resources */,
				638E81441DF16A7800BB7654 /* PerfectMsgCell.xib in Resources */,
				636480A81E0A5DF8003B627A /* SettingViewController.xib in Resources */,
				6360C6D41DFFE80B00A437D1 /* AboutUSViewController.xib in Resources */,
				638E813F1DF1612700BB7654 /* PerfectHeadView.xib in Resources */,
				636480A61E0A5DF8003B627A /* SettingCollectionReusableView.xib in Resources */,
				638E81391DF160C200BB7654 /* RestPasswordViewController.xib in Resources */,
				6360C6E01DFFE80B00A437D1 /* PasswordView.xib in Resources */,
				6360C6DE1DFFE80B00A437D1 /* MeHeadView.xib in Resources */,
				636480901E0A4F7F003B627A /* PopoverViewController.storyboard in Resources */,
				6360C6D81DFFE80B00A437D1 /* PasswordViewController.xib in Resources */,
			);
			runOnlyForDeploymentPostprocessing = 0;
		};
		636B73B11DEFC6690042E7F9 /* Resources */ = {
			isa = PBXResourcesBuildPhase;
			buildActionMask = 2147483647;
			files = (
			);
			runOnlyForDeploymentPostprocessing = 0;
		};
		636B73BC1DEFC6690042E7F9 /* Resources */ = {
			isa = PBXResourcesBuildPhase;
			buildActionMask = 2147483647;
			files = (
			);
			runOnlyForDeploymentPostprocessing = 0;
		};
/* End PBXResourcesBuildPhase section */

/* Begin PBXShellScriptBuildPhase section */
		485E3CF51596DC6D163EC240 /* [CP] Embed Pods Frameworks */ = {
			isa = PBXShellScriptBuildPhase;
			buildActionMask = 2147483647;
			files = (
			);
			inputPaths = (
			);
			name = "[CP] Embed Pods Frameworks";
			outputPaths = (
			);
			runOnlyForDeploymentPostprocessing = 0;
			shellPath = /bin/sh;
			shellScript = "\"${SRCROOT}/Pods/Target Support Files/Pods-GraduationProject-ZCC/Pods-GraduationProject-ZCC-frameworks.sh\"\n";
			showEnvVarsInLog = 0;
		};
		5C942B353EACF0A672F03C82 /* [CP] Copy Pods Resources */ = {
			isa = PBXShellScriptBuildPhase;
			buildActionMask = 2147483647;
			files = (
			);
			inputPaths = (
			);
			name = "[CP] Copy Pods Resources";
			outputPaths = (
			);
			runOnlyForDeploymentPostprocessing = 0;
			shellPath = /bin/sh;
			shellScript = "\"${SRCROOT}/Pods/Target Support Files/Pods-GraduationProject-ZCC/Pods-GraduationProject-ZCC-resources.sh\"\n";
			showEnvVarsInLog = 0;
		};
		8C12EA8768D46F470003035C /* [CP] Check Pods Manifest.lock */ = {
			isa = PBXShellScriptBuildPhase;
			buildActionMask = 2147483647;
			files = (
			);
			inputPaths = (
			);
			name = "[CP] Check Pods Manifest.lock";
			outputPaths = (
			);
			runOnlyForDeploymentPostprocessing = 0;
			shellPath = /bin/sh;
			shellScript = "diff \"${PODS_ROOT}/../Podfile.lock\" \"${PODS_ROOT}/Manifest.lock\" > /dev/null\nif [ $? != 0 ] ; then\n    # print error to STDERR\n    echo \"error: The sandbox is not in sync with the Podfile.lock. Run 'pod install' or update your CocoaPods installation.\" >&2\n    exit 1\nfi\n";
			showEnvVarsInLog = 0;
		};
/* End PBXShellScriptBuildPhase section */

/* Begin PBXSourcesBuildPhase section */
		636B73961DEFC6680042E7F9 /* Sources */ = {
			isa = PBXSourcesBuildPhase;
			buildActionMask = 2147483647;
			files = (
				636553FA1E027A0300E2D5E0 /* DetailAddressViewController.m in Sources */,
				6361C8651E03886A00AE033D /* NSDictionary+FromString.m in Sources */,
				636480A71E0A5DF8003B627A /* SettingViewController.m in Sources */,
				6360C6D51DFFE80B00A437D1 /* MeViewController.m in Sources */,
				636480A31E0A5DF8003B627A /* SettingCell.m in Sources */,
				638E81331DF160C200BB7654 /* BindPhoneViewController.m in Sources */,
				6364CDBB1DF5314500427097 /* LoadManager.m in Sources */,
				6360C6E21DFFE80B00A437D1 /* ThemeModel.m in Sources */,
				6364CDBE1DF53C8500427097 /* UIView+ViewController.m in Sources */,
				636B73F61DF01CCF0042E7F9 /* AppTools.m in Sources */,
				636554051E029BA000E2D5E0 /* MsgModel.m in Sources */,
				6360C6D31DFFE80B00A437D1 /* AboutUSViewController.m in Sources */,
				6364CDDC1DF561BF00427097 /* SaveDataTools.m in Sources */,
				638EAF801E077F6800F1AEB8 /* SignViewController.m in Sources */,
				6360C6E31DFFE80B00A437D1 /* ThemeCell.m in Sources */,
				6360C6E11DFFE80B00A437D1 /* ThemeViewController.m in Sources */,
				6360C6DF1DFFE80B00A437D1 /* PasswordView.m in Sources */,
				6360C6E71DFFE83900A437D1 /* FocusViewController.m in Sources */,
				6364808E1E0A4F7F003B627A /* PopoverAnimator.m in Sources */,
				6360C6DA1DFFE80B00A437D1 /* SafeViewController.m in Sources */,
				638E813D1DF160DA00BB7654 /* PerfectHeadView.m in Sources */,
				636B73A21DEFC6680042E7F9 /* AppDelegate.m in Sources */,
				638E813A1DF160C200BB7654 /* StartViewController.m in Sources */,
				636480961E0A5440003B627A /* PresentViewController.m in Sources */,
				638E81381DF160C200BB7654 /* RestPasswordViewController.m in Sources */,
				6360C6D71DFFE80B00A437D1 /* PasswordViewController.m in Sources */,
				636B73ED1DF014810042E7F9 /* UIBarButtonItem+CustomButton.m in Sources */,
				6360C6DB1DFFE80B00A437D1 /* LockCell.m in Sources */,
				636B73D91DEFCC3B0042E7F9 /* BaseViewController.m in Sources */,
				6364808F1E0A4F7F003B627A /* PopoverViewController.m in Sources */,
				636B739F1DEFC6680042E7F9 /* main.m in Sources */,
				638E81371DF160C200BB7654 /* PerfectViewController.m in Sources */,
				6364CDB51DF50A6400427097 /* SexPickerTools.m in Sources */,
				636553F61E02670B00E2D5E0 /* FocusCell.m in Sources */,
				636B73EE1DF014810042E7F9 /* UIViewController+HUDHelper.m in Sources */,
				636480A51E0A5DF8003B627A /* SettingCollectionReusableView.m in Sources */,
				6360C6DD1DFFE80B00A437D1 /* MeHeadView.m in Sources */,
				636790C51DF7EF4F000C3E31 /* LocationViewController.m in Sources */,
				6364CDC41DF5463100427097 /* HCDataHelper.m in Sources */,
				6360C6D61DFFE80B00A437D1 /* LockViewController.m in Sources */,
				638EAF7D1E0775B200F1AEB8 /* CalendarView.m in Sources */,
				638E81431DF16A7800BB7654 /* PerfectMsgCell.m in Sources */,
				636B74111DF029F60042E7F9 /* MainViewController.m in Sources */,
				6364CDC51DF5463100427097 /* UICountingLabel.m in Sources */,
				63B581221DFE9C7A00BC959C /* HomeViewController.m in Sources */,
				6360C6D91DFFE80B00A437D1 /* PLockViewController.m in Sources */,
				636790A91DF7A2FE000C3E31 /* NSNull+IsNull.m in Sources */,
				638E81351DF160C200BB7654 /* LoginViewController.m in Sources */,
				636554011E02968300E2D5E0 /* MsgCell.m in Sources */,
				636B73D31DEFCC1B0042E7F9 /* BaseNavigationController.m in Sources */,
				636553FD1E02947E00E2D5E0 /* MsgViewController.m in Sources */,
			);
			runOnlyForDeploymentPostprocessing = 0;
		};
		636B73AF1DEFC6690042E7F9 /* Sources */ = {
			isa = PBXSourcesBuildPhase;
			buildActionMask = 2147483647;
			files = (
				636B73B81DEFC6690042E7F9 /* GraduationProject_ZCCTests.m in Sources */,
			);
			runOnlyForDeploymentPostprocessing = 0;
		};
		636B73BA1DEFC6690042E7F9 /* Sources */ = {
			isa = PBXSourcesBuildPhase;
			buildActionMask = 2147483647;
			files = (
				636B73C31DEFC6690042E7F9 /* GraduationProject_ZCCUITests.m in Sources */,
			);
			runOnlyForDeploymentPostprocessing = 0;
		};
/* End PBXSourcesBuildPhase section */

/* Begin PBXTargetDependency section */
		636B73B51DEFC6690042E7F9 /* PBXTargetDependency */ = {
			isa = PBXTargetDependency;
			target = 636B73991DEFC6680042E7F9 /* GraduationProject-ZCC */;
			targetProxy = 636B73B41DEFC6690042E7F9 /* PBXContainerItemProxy */;
		};
		636B73C01DEFC6690042E7F9 /* PBXTargetDependency */ = {
			isa = PBXTargetDependency;
			target = 636B73991DEFC6680042E7F9 /* GraduationProject-ZCC */;
			targetProxy = 636B73BF1DEFC6690042E7F9 /* PBXContainerItemProxy */;
		};
/* End PBXTargetDependency section */

/* Begin PBXVariantGroup section */
		636B73AB1DEFC6680042E7F9 /* LaunchScreen.storyboard */ = {
			isa = PBXVariantGroup;
			children = (
				636B73AC1DEFC6680042E7F9 /* Base */,
			);
			name = LaunchScreen.storyboard;
			sourceTree = "<group>";
		};
/* End PBXVariantGroup section */

/* Begin XCBuildConfiguration section */
		636B73C51DEFC6690042E7F9 /* Debug */ = {
			isa = XCBuildConfiguration;
			buildSettings = {
				ALWAYS_SEARCH_USER_PATHS = NO;
				CLANG_ANALYZER_NONNULL = YES;
				CLANG_CXX_LANGUAGE_STANDARD = "gnu++0x";
				CLANG_CXX_LIBRARY = "libc++";
				CLANG_ENABLE_MODULES = YES;
				CLANG_ENABLE_OBJC_ARC = YES;
				CLANG_WARN_BOOL_CONVERSION = YES;
				CLANG_WARN_CONSTANT_CONVERSION = YES;
				CLANG_WARN_DIRECT_OBJC_ISA_USAGE = YES_ERROR;
				CLANG_WARN_DOCUMENTATION_COMMENTS = YES;
				CLANG_WARN_EMPTY_BODY = YES;
				CLANG_WARN_ENUM_CONVERSION = YES;
				CLANG_WARN_INFINITE_RECURSION = YES;
				CLANG_WARN_INT_CONVERSION = YES;
				CLANG_WARN_OBJC_ROOT_CLASS = YES_ERROR;
				CLANG_WARN_SUSPICIOUS_MOVE = YES;
				CLANG_WARN_SUSPICIOUS_MOVES = YES;
				CLANG_WARN_UNREACHABLE_CODE = YES;
				CLANG_WARN__DUPLICATE_METHOD_MATCH = YES;
				"CODE_SIGN_IDENTITY[sdk=iphoneos*]" = "iPhone Developer";
				COPY_PHASE_STRIP = NO;
				DEBUG_INFORMATION_FORMAT = dwarf;
				ENABLE_STRICT_OBJC_MSGSEND = YES;
				ENABLE_TESTABILITY = YES;
				GCC_C_LANGUAGE_STANDARD = gnu99;
				GCC_DYNAMIC_NO_PIC = NO;
				GCC_NO_COMMON_BLOCKS = YES;
				GCC_OPTIMIZATION_LEVEL = 0;
				GCC_PREPROCESSOR_DEFINITIONS = (
					"DEBUG=1",
					"$(inherited)",
				);
				GCC_WARN_64_TO_32_BIT_CONVERSION = YES;
				GCC_WARN_ABOUT_RETURN_TYPE = YES_ERROR;
				GCC_WARN_UNDECLARED_SELECTOR = YES;
				GCC_WARN_UNINITIALIZED_AUTOS = YES_AGGRESSIVE;
				GCC_WARN_UNUSED_FUNCTION = YES;
				GCC_WARN_UNUSED_VARIABLE = YES;
				IPHONEOS_DEPLOYMENT_TARGET = 10.1;
				MTL_ENABLE_DEBUG_INFO = YES;
				ONLY_ACTIVE_ARCH = YES;
				SDKROOT = iphoneos;
			};
			name = Debug;
		};
		636B73C61DEFC6690042E7F9 /* Release */ = {
			isa = XCBuildConfiguration;
			buildSettings = {
				ALWAYS_SEARCH_USER_PATHS = NO;
				CLANG_ANALYZER_NONNULL = YES;
				CLANG_CXX_LANGUAGE_STANDARD = "gnu++0x";
				CLANG_CXX_LIBRARY = "libc++";
				CLANG_ENABLE_MODULES = YES;
				CLANG_ENABLE_OBJC_ARC = YES;
				CLANG_WARN_BOOL_CONVERSION = YES;
				CLANG_WARN_CONSTANT_CONVERSION = YES;
				CLANG_WARN_DIRECT_OBJC_ISA_USAGE = YES_ERROR;
				CLANG_WARN_DOCUMENTATION_COMMENTS = YES;
				CLANG_WARN_EMPTY_BODY = YES;
				CLANG_WARN_ENUM_CONVERSION = YES;
				CLANG_WARN_INFINITE_RECURSION = YES;
				CLANG_WARN_INT_CONVERSION = YES;
				CLANG_WARN_OBJC_ROOT_CLASS = YES_ERROR;
				CLANG_WARN_SUSPICIOUS_MOVE = YES;
				CLANG_WARN_SUSPICIOUS_MOVES = YES;
				CLANG_WARN_UNREACHABLE_CODE = YES;
				CLANG_WARN__DUPLICATE_METHOD_MATCH = YES;
				"CODE_SIGN_IDENTITY[sdk=iphoneos*]" = "iPhone Developer";
				COPY_PHASE_STRIP = NO;
				DEBUG_INFORMATION_FORMAT = "dwarf-with-dsym";
				ENABLE_NS_ASSERTIONS = NO;
				ENABLE_STRICT_OBJC_MSGSEND = YES;
				GCC_C_LANGUAGE_STANDARD = gnu99;
				GCC_NO_COMMON_BLOCKS = YES;
				GCC_WARN_64_TO_32_BIT_CONVERSION = YES;
				GCC_WARN_ABOUT_RETURN_TYPE = YES_ERROR;
				GCC_WARN_UNDECLARED_SELECTOR = YES;
				GCC_WARN_UNINITIALIZED_AUTOS = YES_AGGRESSIVE;
				GCC_WARN_UNUSED_FUNCTION = YES;
				GCC_WARN_UNUSED_VARIABLE = YES;
				IPHONEOS_DEPLOYMENT_TARGET = 10.1;
				MTL_ENABLE_DEBUG_INFO = NO;
				SDKROOT = iphoneos;
				VALIDATE_PRODUCT = YES;
			};
			name = Release;
		};
		636B73C81DEFC6690042E7F9 /* Debug */ = {
			isa = XCBuildConfiguration;
			baseConfigurationReference = A963949E3CD318923A096B6A /* Pods-GraduationProject-ZCC.debug.xcconfig */;
			buildSettings = {
				ASSETCATALOG_COMPILER_APPICON_NAME = AppIcon;
				DEVELOPMENT_TEAM = Z3J38YFUTH;
				ENABLE_BITCODE = NO;
				GCC_PRECOMPILE_PREFIX_HEADER = YES;
				GCC_PREFIX_HEADER = "$(SRCROOT)/GraduationProject-ZCC/MyPch.pch";
				INFOPLIST_FILE = "GraduationProject-ZCC/Info.plist";
				IPHONEOS_DEPLOYMENT_TARGET = 10.2;
				LD_RUNPATH_SEARCH_PATHS = "$(inherited) @executable_path/Frameworks";
				PRODUCT_BUNDLE_IDENTIFIER = zcc.com.gp;
				PRODUCT_NAME = "$(TARGET_NAME)";
			};
			name = Debug;
		};
		636B73C91DEFC6690042E7F9 /* Release */ = {
			isa = XCBuildConfiguration;
			baseConfigurationReference = 16AA2B755B08F4471E6C839F /* Pods-GraduationProject-ZCC.release.xcconfig */;
			buildSettings = {
				ASSETCATALOG_COMPILER_APPICON_NAME = AppIcon;
				DEVELOPMENT_TEAM = Z3J38YFUTH;
				ENABLE_BITCODE = NO;
				GCC_PRECOMPILE_PREFIX_HEADER = YES;
				GCC_PREFIX_HEADER = "$(SRCROOT)/GraduationProject-ZCC/MyPch.pch";
				INFOPLIST_FILE = "GraduationProject-ZCC/Info.plist";
				IPHONEOS_DEPLOYMENT_TARGET = 10.2;
				LD_RUNPATH_SEARCH_PATHS = "$(inherited) @executable_path/Frameworks";
				PRODUCT_BUNDLE_IDENTIFIER = zcc.com.gp;
				PRODUCT_NAME = "$(TARGET_NAME)";
			};
			name = Release;
		};
		636B73CB1DEFC6690042E7F9 /* Debug */ = {
			isa = XCBuildConfiguration;
			buildSettings = {
				BUNDLE_LOADER = "$(TEST_HOST)";
				DEVELOPMENT_TEAM = Z3J38YFUTH;
				INFOPLIST_FILE = "GraduationProject-ZCCTests/Info.plist";
				LD_RUNPATH_SEARCH_PATHS = "$(inherited) @executable_path/Frameworks @loader_path/Frameworks";
				PRODUCT_BUNDLE_IDENTIFIER = "zcc.GraduationProject-ZCCTests";
				PRODUCT_NAME = "$(TARGET_NAME)";
				TEST_HOST = "$(BUILT_PRODUCTS_DIR)/GraduationProject-ZCC.app/GraduationProject-ZCC";
			};
			name = Debug;
		};
		636B73CC1DEFC6690042E7F9 /* Release */ = {
			isa = XCBuildConfiguration;
			buildSettings = {
				BUNDLE_LOADER = "$(TEST_HOST)";
				DEVELOPMENT_TEAM = Z3J38YFUTH;
				INFOPLIST_FILE = "GraduationProject-ZCCTests/Info.plist";
				LD_RUNPATH_SEARCH_PATHS = "$(inherited) @executable_path/Frameworks @loader_path/Frameworks";
				PRODUCT_BUNDLE_IDENTIFIER = "zcc.GraduationProject-ZCCTests";
				PRODUCT_NAME = "$(TARGET_NAME)";
				TEST_HOST = "$(BUILT_PRODUCTS_DIR)/GraduationProject-ZCC.app/GraduationProject-ZCC";
			};
			name = Release;
		};
		636B73CE1DEFC6690042E7F9 /* Debug */ = {
			isa = XCBuildConfiguration;
			buildSettings = {
				DEVELOPMENT_TEAM = Z3J38YFUTH;
				INFOPLIST_FILE = "GraduationProject-ZCCUITests/Info.plist";
				LD_RUNPATH_SEARCH_PATHS = "$(inherited) @executable_path/Frameworks @loader_path/Frameworks";
				PRODUCT_BUNDLE_IDENTIFIER = "zcc.GraduationProject-ZCCUITests";
				PRODUCT_NAME = "$(TARGET_NAME)";
				TEST_TARGET_NAME = "GraduationProject-ZCC";
			};
			name = Debug;
		};
		636B73CF1DEFC6690042E7F9 /* Release */ = {
			isa = XCBuildConfiguration;
			buildSettings = {
				DEVELOPMENT_TEAM = Z3J38YFUTH;
				INFOPLIST_FILE = "GraduationProject-ZCCUITests/Info.plist";
				LD_RUNPATH_SEARCH_PATHS = "$(inherited) @executable_path/Frameworks @loader_path/Frameworks";
				PRODUCT_BUNDLE_IDENTIFIER = "zcc.GraduationProject-ZCCUITests";
				PRODUCT_NAME = "$(TARGET_NAME)";
				TEST_TARGET_NAME = "GraduationProject-ZCC";
			};
			name = Release;
		};
/* End XCBuildConfiguration section */

/* Begin XCConfigurationList section */
		636B73951DEFC6680042E7F9 /* Build configuration list for PBXProject "GraduationProject-ZCC" */ = {
			isa = XCConfigurationList;
			buildConfigurations = (
				636B73C51DEFC6690042E7F9 /* Debug */,
				636B73C61DEFC6690042E7F9 /* Release */,
			);
			defaultConfigurationIsVisible = 0;
			defaultConfigurationName = Release;
		};
		636B73C71DEFC6690042E7F9 /* Build configuration list for PBXNativeTarget "GraduationProject-ZCC" */ = {
			isa = XCConfigurationList;
			buildConfigurations = (
				636B73C81DEFC6690042E7F9 /* Debug */,
				636B73C91DEFC6690042E7F9 /* Release */,
			);
			defaultConfigurationIsVisible = 0;
			defaultConfigurationName = Release;
		};
		636B73CA1DEFC6690042E7F9 /* Build configuration list for PBXNativeTarget "GraduationProject-ZCCTests" */ = {
			isa = XCConfigurationList;
			buildConfigurations = (
				636B73CB1DEFC6690042E7F9 /* Debug */,
				636B73CC1DEFC6690042E7F9 /* Release */,
			);
			defaultConfigurationIsVisible = 0;
			defaultConfigurationName = Release;
		};
		636B73CD1DEFC6690042E7F9 /* Build configuration list for PBXNativeTarget "GraduationProject-ZCCUITests" */ = {
			isa = XCConfigurationList;
			buildConfigurations = (
				636B73CE1DEFC6690042E7F9 /* Debug */,
				636B73CF1DEFC6690042E7F9 /* Release */,
			);
			defaultConfigurationIsVisible = 0;
			defaultConfigurationName = Release;
		};
/* End XCConfigurationList section */
	};
	rootObject = 636B73921DEFC6680042E7F9 /* Project object */;
}
