// !$*UTF8*$!
{
	archiveVersion = 1;
	classes = {
	};
	objectVersion = 46;
	objects = {

/* Begin PBXBuildFile section */
		6364CDB51DF50A6400427097 /* SexPickerTools.m in Sources */ = {isa = PBXBuildFile; fileRef = 6364CDB41DF50A6400427097 /* SexPickerTools.m */; };
		6364CDB71DF50AA700427097 /* SexPickerTools.xib in Resources */ = {isa = PBXBuildFile; fileRef = 6364CDB61DF50AA700427097 /* SexPickerTools.xib */; };
		6364CDBB1DF5314500427097 /* LoadManager.m in Sources */ = {isa = PBXBuildFile; fileRef = 6364CDBA1DF5314500427097 /* LoadManager.m */; };
		6364CDBE1DF53C8500427097 /* UIView+ViewController.m in Sources */ = {isa = PBXBuildFile; fileRef = 6364CDBD1DF53C8500427097 /* UIView+ViewController.m */; };
		6364CDC41DF5463100427097 /* HCDataHelper.m in Sources */ = {isa = PBXBuildFile; fileRef = 6364CDC11DF5463100427097 /* HCDataHelper.m */; };
		6364CDC51DF5463100427097 /* UICountingLabel.m in Sources */ = {isa = PBXBuildFile; fileRef = 6364CDC31DF5463100427097 /* UICountingLabel.m */; };
		6364CDD21DF5540700427097 /* MeViewController.m in Sources */ = {isa = PBXBuildFile; fileRef = 6364CDCE1DF5540700427097 /* MeViewController.m */; };
		6364CDD31DF5540700427097 /* MeViewController.xib in Resources */ = {isa = PBXBuildFile; fileRef = 6364CDCF1DF5540700427097 /* MeViewController.xib */; };
		6364CDD61DF55C0C00427097 /* MeHeadView.m in Sources */ = {isa = PBXBuildFile; fileRef = 6364CDD51DF55C0C00427097 /* MeHeadView.m */; };
		6364CDD81DF55C1300427097 /* MeHeadView.xib in Resources */ = {isa = PBXBuildFile; fileRef = 6364CDD71DF55C1300427097 /* MeHeadView.xib */; };
		6364CDDC1DF561BF00427097 /* SaveDataTools.m in Sources */ = {isa = PBXBuildFile; fileRef = 6364CDDB1DF561BF00427097 /* SaveDataTools.m */; };
		636B739F1DEFC6680042E7F9 /* main.m in Sources */ = {isa = PBXBuildFile; fileRef = 636B739E1DEFC6680042E7F9 /* main.m */; };
		636B73A21DEFC6680042E7F9 /* AppDelegate.m in Sources */ = {isa = PBXBuildFile; fileRef = 636B73A11DEFC6680042E7F9 /* AppDelegate.m */; };
		636B73AA1DEFC6680042E7F9 /* Assets.xcassets in Resources */ = {isa = PBXBuildFile; fileRef = 636B73A91DEFC6680042E7F9 /* Assets.xcassets */; };
		636B73AD1DEFC6680042E7F9 /* LaunchScreen.storyboard in Resources */ = {isa = PBXBuildFile; fileRef = 636B73AB1DEFC6680042E7F9 /* LaunchScreen.storyboard */; };
		636B73B81DEFC6690042E7F9 /* GraduationProject_ZCCTests.m in Sources */ = {isa = PBXBuildFile; fileRef = 636B73B71DEFC6690042E7F9 /* GraduationProject_ZCCTests.m */; };
		636B73C31DEFC6690042E7F9 /* GraduationProject_ZCCUITests.m in Sources */ = {isa = PBXBuildFile; fileRef = 636B73C21DEFC6690042E7F9 /* GraduationProject_ZCCUITests.m */; };
		636B73D31DEFCC1B0042E7F9 /* BaseNavigationController.m in Sources */ = {isa = PBXBuildFile; fileRef = 636B73D21DEFCC1B0042E7F9 /* BaseNavigationController.m */; };
		636B73D61DEFCC2A0042E7F9 /* BaseTableViewController.m in Sources */ = {isa = PBXBuildFile; fileRef = 636B73D51DEFCC2A0042E7F9 /* BaseTableViewController.m */; };
		636B73D91DEFCC3B0042E7F9 /* BaseViewController.m in Sources */ = {isa = PBXBuildFile; fileRef = 636B73D81DEFCC3B0042E7F9 /* BaseViewController.m */; };
		636B73ED1DF014810042E7F9 /* UIBarButtonItem+CustomButton.m in Sources */ = {isa = PBXBuildFile; fileRef = 636B73EA1DF014810042E7F9 /* UIBarButtonItem+CustomButton.m */; };
		636B73EE1DF014810042E7F9 /* UIViewController+HUDHelper.m in Sources */ = {isa = PBXBuildFile; fileRef = 636B73EC1DF014810042E7F9 /* UIViewController+HUDHelper.m */; };
		636B73F61DF01CCF0042E7F9 /* AppTools.m in Sources */ = {isa = PBXBuildFile; fileRef = 636B73F51DF01CCF0042E7F9 /* AppTools.m */; };
		636B74111DF029F60042E7F9 /* MainViewController.m in Sources */ = {isa = PBXBuildFile; fileRef = 636B74101DF029F60042E7F9 /* MainViewController.m */; };
		638E81331DF160C200BB7654 /* BindPhoneViewController.m in Sources */ = {isa = PBXBuildFile; fileRef = 638E81251DF160C200BB7654 /* BindPhoneViewController.m */; };
		638E81341DF160C200BB7654 /* BindPhoneViewController.xib in Resources */ = {isa = PBXBuildFile; fileRef = 638E81261DF160C200BB7654 /* BindPhoneViewController.xib */; };
		638E81351DF160C200BB7654 /* LoginViewController.m in Sources */ = {isa = PBXBuildFile; fileRef = 638E81281DF160C200BB7654 /* LoginViewController.m */; };
		638E81361DF160C200BB7654 /* LoginViewController.xib in Resources */ = {isa = PBXBuildFile; fileRef = 638E81291DF160C200BB7654 /* LoginViewController.xib */; };
		638E81371DF160C200BB7654 /* PerfectViewController.m in Sources */ = {isa = PBXBuildFile; fileRef = 638E812B1DF160C200BB7654 /* PerfectViewController.m */; };
		638E81381DF160C200BB7654 /* RestPasswordViewController.m in Sources */ = {isa = PBXBuildFile; fileRef = 638E812D1DF160C200BB7654 /* RestPasswordViewController.m */; };
		638E81391DF160C200BB7654 /* RestPasswordViewController.xib in Resources */ = {isa = PBXBuildFile; fileRef = 638E812E1DF160C200BB7654 /* RestPasswordViewController.xib */; };
		638E813A1DF160C200BB7654 /* StartViewController.m in Sources */ = {isa = PBXBuildFile; fileRef = 638E81301DF160C200BB7654 /* StartViewController.m */; };
		638E813D1DF160DA00BB7654 /* PerfectHeadView.m in Sources */ = {isa = PBXBuildFile; fileRef = 638E813C1DF160DA00BB7654 /* PerfectHeadView.m */; };
		638E813F1DF1612700BB7654 /* PerfectHeadView.xib in Resources */ = {isa = PBXBuildFile; fileRef = 638E813E1DF1612700BB7654 /* PerfectHeadView.xib */; };
		638E81431DF16A7800BB7654 /* PerfectMsgCell.m in Sources */ = {isa = PBXBuildFile; fileRef = 638E81411DF16A7800BB7654 /* PerfectMsgCell.m */; };
		638E81441DF16A7800BB7654 /* PerfectMsgCell.xib in Resources */ = {isa = PBXBuildFile; fileRef = 638E81421DF16A7800BB7654 /* PerfectMsgCell.xib */; };
		B4558E84024977644CA6C418 /* libPods-GraduationProject-ZCC.a in Frameworks */ = {isa = PBXBuildFile; fileRef = 156D673C949F06C5CF32EFC3 /* libPods-GraduationProject-ZCC.a */; };
/* End PBXBuildFile section */

/* Begin PBXContainerItemProxy section */
		636B73B41DEFC6690042E7F9 /* PBXContainerItemProxy */ = {
			isa = PBXContainerItemProxy;
			containerPortal = 636B73921DEFC6680042E7F9 /* Project object */;
			proxyType = 1;
			remoteGlobalIDString = 636B73991DEFC6680042E7F9;
			remoteInfo = "GraduationProject-ZCC";
		};
		636B73BF1DEFC6690042E7F9 /* PBXContainerItemProxy */ = {
			isa = PBXContainerItemProxy;
			containerPortal = 636B73921DEFC6680042E7F9 /* Project object */;
			proxyType = 1;
			remoteGlobalIDString = 636B73991DEFC6680042E7F9;
			remoteInfo = "GraduationProject-ZCC";
		};
/* End PBXContainerItemProxy section */

/* Begin PBXFileReference section */
		156D673C949F06C5CF32EFC3 /* libPods-GraduationProject-ZCC.a */ = {isa = PBXFileReference; explicitFileType = archive.ar; includeInIndex = 0; path = "libPods-GraduationProject-ZCC.a"; sourceTree = BUILT_PRODUCTS_DIR; };
		16AA2B755B08F4471E6C839F /* Pods-GraduationProject-ZCC.release.xcconfig */ = {isa = PBXFileReference; includeInIndex = 1; lastKnownFileType = text.xcconfig; name = "Pods-GraduationProject-ZCC.release.xcconfig"; path = "Pods/Target Support Files/Pods-GraduationProject-ZCC/Pods-GraduationProject-ZCC.release.xcconfig"; sourceTree = "<group>"; };
		6364CDB31DF50A6400427097 /* SexPickerTools.h */ = {isa = PBXFileReference; fileEncoding = 4; lastKnownFileType = sourcecode.c.h; path = SexPickerTools.h; sourceTree = "<group>"; };
		6364CDB41DF50A6400427097 /* SexPickerTools.m */ = {isa = PBXFileReference; fileEncoding = 4; lastKnownFileType = sourcecode.c.objc; path = SexPickerTools.m; sourceTree = "<group>"; };
		6364CDB61DF50AA700427097 /* SexPickerTools.xib */ = {isa = PBXFileReference; fileEncoding = 4; lastKnownFileType = file.xib; path = SexPickerTools.xib; sourceTree = "<group>"; };
		6364CDB91DF5314500427097 /* LoadManager.h */ = {isa = PBXFileReference; fileEncoding = 4; lastKnownFileType = sourcecode.c.h; name = LoadManager.h; path = ../LoadManager.h; sourceTree = "<group>"; };
		6364CDBA1DF5314500427097 /* LoadManager.m */ = {isa = PBXFileReference; fileEncoding = 4; lastKnownFileType = sourcecode.c.objc; name = LoadManager.m; path = ../LoadManager.m; sourceTree = "<group>"; };
		6364CDBC1DF53C8500427097 /* UIView+ViewController.h */ = {isa = PBXFileReference; fileEncoding = 4; lastKnownFileType = sourcecode.c.h; path = "UIView+ViewController.h"; sourceTree = "<group>"; };
		6364CDBD1DF53C8500427097 /* UIView+ViewController.m */ = {isa = PBXFileReference; fileEncoding = 4; lastKnownFileType = sourcecode.c.objc; path = "UIView+ViewController.m"; sourceTree = "<group>"; };
		6364CDC01DF5463100427097 /* HCDataHelper.h */ = {isa = PBXFileReference; fileEncoding = 4; lastKnownFileType = sourcecode.c.h; path = HCDataHelper.h; sourceTree = "<group>"; };
		6364CDC11DF5463100427097 /* HCDataHelper.m */ = {isa = PBXFileReference; fileEncoding = 4; lastKnownFileType = sourcecode.c.objc; path = HCDataHelper.m; sourceTree = "<group>"; };
		6364CDC21DF5463100427097 /* UICountingLabel.h */ = {isa = PBXFileReference; fileEncoding = 4; lastKnownFileType = sourcecode.c.h; path = UICountingLabel.h; sourceTree = "<group>"; };
		6364CDC31DF5463100427097 /* UICountingLabel.m */ = {isa = PBXFileReference; fileEncoding = 4; lastKnownFileType = sourcecode.c.objc; path = UICountingLabel.m; sourceTree = "<group>"; };
		6364CDCD1DF5540700427097 /* MeViewController.h */ = {isa = PBXFileReference; fileEncoding = 4; lastKnownFileType = sourcecode.c.h; path = MeViewController.h; sourceTree = "<group>"; };
		6364CDCE1DF5540700427097 /* MeViewController.m */ = {isa = PBXFileReference; fileEncoding = 4; lastKnownFileType = sourcecode.c.objc; path = MeViewController.m; sourceTree = "<group>"; };
		6364CDCF1DF5540700427097 /* MeViewController.xib */ = {isa = PBXFileReference; fileEncoding = 4; lastKnownFileType = file.xib; path = MeViewController.xib; sourceTree = "<group>"; };
		6364CDD41DF55C0C00427097 /* MeHeadView.h */ = {isa = PBXFileReference; fileEncoding = 4; lastKnownFileType = sourcecode.c.h; path = MeHeadView.h; sourceTree = "<group>"; };
		6364CDD51DF55C0C00427097 /* MeHeadView.m */ = {isa = PBXFileReference; fileEncoding = 4; lastKnownFileType = sourcecode.c.objc; path = MeHeadView.m; sourceTree = "<group>"; };
		6364CDD71DF55C1300427097 /* MeHeadView.xib */ = {isa = PBXFileReference; fileEncoding = 4; lastKnownFileType = file.xib; path = MeHeadView.xib; sourceTree = "<group>"; };
		6364CDDA1DF561BF00427097 /* SaveDataTools.h */ = {isa = PBXFileReference; fileEncoding = 4; lastKnownFileType = sourcecode.c.h; path = SaveDataTools.h; sourceTree = "<group>"; };
		6364CDDB1DF561BF00427097 /* SaveDataTools.m */ = {isa = PBXFileReference; fileEncoding = 4; lastKnownFileType = sourcecode.c.objc; path = SaveDataTools.m; sourceTree = "<group>"; };
		636B739A1DEFC6680042E7F9 /* GraduationProject-ZCC.app */ = {isa = PBXFileReference; explicitFileType = wrapper.application; includeInIndex = 0; path = "GraduationProject-ZCC.app"; sourceTree = BUILT_PRODUCTS_DIR; };
		636B739E1DEFC6680042E7F9 /* main.m */ = {isa = PBXFileReference; lastKnownFileType = sourcecode.c.objc; path = main.m; sourceTree = "<group>"; };
		636B73A01DEFC6680042E7F9 /* AppDelegate.h */ = {isa = PBXFileReference; lastKnownFileType = sourcecode.c.h; path = AppDelegate.h; sourceTree = "<group>"; };
		636B73A11DEFC6680042E7F9 /* AppDelegate.m */ = {isa = PBXFileReference; lastKnownFileType = sourcecode.c.objc; path = AppDelegate.m; sourceTree = "<group>"; };
		636B73A91DEFC6680042E7F9 /* Assets.xcassets */ = {isa = PBXFileReference; lastKnownFileType = folder.assetcatalog; path = Assets.xcassets; sourceTree = "<group>"; };
		636B73AC1DEFC6680042E7F9 /* Base */ = {isa = PBXFileReference; lastKnownFileType = file.storyboard; name = Base; path = Base.lproj/LaunchScreen.storyboard; sourceTree = "<group>"; };
		636B73AE1DEFC6680042E7F9 /* Info.plist */ = {isa = PBXFileReference; lastKnownFileType = text.plist.xml; path = Info.plist; sourceTree = "<group>"; };
		636B73B31DEFC6690042E7F9 /* GraduationProject-ZCCTests.xctest */ = {isa = PBXFileReference; explicitFileType = wrapper.cfbundle; includeInIndex = 0; path = "GraduationProject-ZCCTests.xctest"; sourceTree = BUILT_PRODUCTS_DIR; };
		636B73B71DEFC6690042E7F9 /* GraduationProject_ZCCTests.m */ = {isa = PBXFileReference; lastKnownFileType = sourcecode.c.objc; path = GraduationProject_ZCCTests.m; sourceTree = "<group>"; };
		636B73B91DEFC6690042E7F9 /* Info.plist */ = {isa = PBXFileReference; lastKnownFileType = text.plist.xml; path = Info.plist; sourceTree = "<group>"; };
		636B73BE1DEFC6690042E7F9 /* GraduationProject-ZCCUITests.xctest */ = {isa = PBXFileReference; explicitFileType = wrapper.cfbundle; includeInIndex = 0; path = "GraduationProject-ZCCUITests.xctest"; sourceTree = BUILT_PRODUCTS_DIR; };
		636B73C21DEFC6690042E7F9 /* GraduationProject_ZCCUITests.m */ = {isa = PBXFileReference; lastKnownFileType = sourcecode.c.objc; path = GraduationProject_ZCCUITests.m; sourceTree = "<group>"; };
		636B73C41DEFC6690042E7F9 /* Info.plist */ = {isa = PBXFileReference; lastKnownFileType = text.plist.xml; path = Info.plist; sourceTree = "<group>"; };
		636B73D11DEFCC1B0042E7F9 /* BaseNavigationController.h */ = {isa = PBXFileReference; fileEncoding = 4; lastKnownFileType = sourcecode.c.h; path = BaseNavigationController.h; sourceTree = "<group>"; };
		636B73D21DEFCC1B0042E7F9 /* BaseNavigationController.m */ = {isa = PBXFileReference; fileEncoding = 4; lastKnownFileType = sourcecode.c.objc; path = BaseNavigationController.m; sourceTree = "<group>"; };
		636B73D41DEFCC2A0042E7F9 /* BaseTableViewController.h */ = {isa = PBXFileReference; fileEncoding = 4; lastKnownFileType = sourcecode.c.h; path = BaseTableViewController.h; sourceTree = "<group>"; };
		636B73D51DEFCC2A0042E7F9 /* BaseTableViewController.m */ = {isa = PBXFileReference; fileEncoding = 4; lastKnownFileType = sourcecode.c.objc; path = BaseTableViewController.m; sourceTree = "<group>"; };
		636B73D71DEFCC3B0042E7F9 /* BaseViewController.h */ = {isa = PBXFileReference; fileEncoding = 4; lastKnownFileType = sourcecode.c.h; path = BaseViewController.h; sourceTree = "<group>"; };
		636B73D81DEFCC3B0042E7F9 /* BaseViewController.m */ = {isa = PBXFileReference; fileEncoding = 4; lastKnownFileType = sourcecode.c.objc; path = BaseViewController.m; sourceTree = "<group>"; };
		636B73DD1DEFCCA10042E7F9 /* MyPch.pch */ = {isa = PBXFileReference; lastKnownFileType = sourcecode.c.h; path = MyPch.pch; sourceTree = "<group>"; };
		636B73DE1DEFCCB00042E7F9 /* Const.h */ = {isa = PBXFileReference; lastKnownFileType = sourcecode.c.h; path = Const.h; sourceTree = "<group>"; };
		636B73E91DF014810042E7F9 /* UIBarButtonItem+CustomButton.h */ = {isa = PBXFileReference; fileEncoding = 4; lastKnownFileType = sourcecode.c.h; path = "UIBarButtonItem+CustomButton.h"; sourceTree = "<group>"; };
		636B73EA1DF014810042E7F9 /* UIBarButtonItem+CustomButton.m */ = {isa = PBXFileReference; fileEncoding = 4; lastKnownFileType = sourcecode.c.objc; path = "UIBarButtonItem+CustomButton.m"; sourceTree = "<group>"; };
		636B73EB1DF014810042E7F9 /* UIViewController+HUDHelper.h */ = {isa = PBXFileReference; fileEncoding = 4; lastKnownFileType = sourcecode.c.h; path = "UIViewController+HUDHelper.h"; sourceTree = "<group>"; };
		636B73EC1DF014810042E7F9 /* UIViewController+HUDHelper.m */ = {isa = PBXFileReference; fileEncoding = 4; lastKnownFileType = sourcecode.c.objc; path = "UIViewController+HUDHelper.m"; sourceTree = "<group>"; };
		636B73F41DF01CCF0042E7F9 /* AppTools.h */ = {isa = PBXFileReference; fileEncoding = 4; lastKnownFileType = sourcecode.c.h; name = AppTools.h; path = ../AppTools.h; sourceTree = "<group>"; };
		636B73F51DF01CCF0042E7F9 /* AppTools.m */ = {isa = PBXFileReference; fileEncoding = 4; lastKnownFileType = sourcecode.c.objc; name = AppTools.m; path = ../AppTools.m; sourceTree = "<group>"; };
		636B740F1DF029F60042E7F9 /* MainViewController.h */ = {isa = PBXFileReference; fileEncoding = 4; lastKnownFileType = sourcecode.c.h; path = MainViewController.h; sourceTree = "<group>"; };
		636B74101DF029F60042E7F9 /* MainViewController.m */ = {isa = PBXFileReference; fileEncoding = 4; lastKnownFileType = sourcecode.c.objc; path = MainViewController.m; sourceTree = "<group>"; };
		638E81241DF160C200BB7654 /* BindPhoneViewController.h */ = {isa = PBXFileReference; fileEncoding = 4; lastKnownFileType = sourcecode.c.h; path = BindPhoneViewController.h; sourceTree = "<group>"; };
		638E81251DF160C200BB7654 /* BindPhoneViewController.m */ = {isa = PBXFileReference; fileEncoding = 4; lastKnownFileType = sourcecode.c.objc; path = BindPhoneViewController.m; sourceTree = "<group>"; };
		638E81261DF160C200BB7654 /* BindPhoneViewController.xib */ = {isa = PBXFileReference; fileEncoding = 4; lastKnownFileType = file.xib; path = BindPhoneViewController.xib; sourceTree = "<group>"; };
		638E81271DF160C200BB7654 /* LoginViewController.h */ = {isa = PBXFileReference; fileEncoding = 4; lastKnownFileType = sourcecode.c.h; path = LoginViewController.h; sourceTree = "<group>"; };
		638E81281DF160C200BB7654 /* LoginViewController.m */ = {isa = PBXFileReference; fileEncoding = 4; lastKnownFileType = sourcecode.c.objc; path = LoginViewController.m; sourceTree = "<group>"; };
		638E81291DF160C200BB7654 /* LoginViewController.xib */ = {isa = PBXFileReference; fileEncoding = 4; lastKnownFileType = file.xib; path = LoginViewController.xib; sourceTree = "<group>"; };
		638E812A1DF160C200BB7654 /* PerfectViewController.h */ = {isa = PBXFileReference; fileEncoding = 4; lastKnownFileType = sourcecode.c.h; path = PerfectViewController.h; sourceTree = "<group>"; };
		638E812B1DF160C200BB7654 /* PerfectViewController.m */ = {isa = PBXFileReference; fileEncoding = 4; lastKnownFileType = sourcecode.c.objc; path = PerfectViewController.m; sourceTree = "<group>"; };
		638E812C1DF160C200BB7654 /* RestPasswordViewController.h */ = {isa = PBXFileReference; fileEncoding = 4; lastKnownFileType = sourcecode.c.h; path = RestPasswordViewController.h; sourceTree = "<group>"; };
		638E812D1DF160C200BB7654 /* RestPasswordViewController.m */ = {isa = PBXFileReference; fileEncoding = 4; lastKnownFileType = sourcecode.c.objc; path = RestPasswordViewController.m; sourceTree = "<group>"; };
		638E812E1DF160C200BB7654 /* RestPasswordViewController.xib */ = {isa = PBXFileReference; fileEncoding = 4; lastKnownFileType = file.xib; path = RestPasswordViewController.xib; sourceTree = "<group>"; };
		638E812F1DF160C200BB7654 /* StartViewController.h */ = {isa = PBXFileReference; fileEncoding = 4; lastKnownFileType = sourcecode.c.h; path = StartViewController.h; sourceTree = "<group>"; };
		638E81301DF160C200BB7654 /* StartViewController.m */ = {isa = PBXFileReference; fileEncoding = 4; lastKnownFileType = sourcecode.c.objc; path = StartViewController.m; sourceTree = "<group>"; };
		638E813B1DF160DA00BB7654 /* PerfectHeadView.h */ = {isa = PBXFileReference; fileEncoding = 4; lastKnownFileType = sourcecode.c.h; path = PerfectHeadView.h; sourceTree = "<group>"; };
		638E813C1DF160DA00BB7654 /* PerfectHeadView.m */ = {isa = PBXFileReference; fileEncoding = 4; lastKnownFileType = sourcecode.c.objc; path = PerfectHeadView.m; sourceTree = "<group>"; };
		638E813E1DF1612700BB7654 /* PerfectHeadView.xib */ = {isa = PBXFileReference; fileEncoding = 4; lastKnownFileType = file.xib; path = PerfectHeadView.xib; sourceTree = "<group>"; };
		638E81401DF16A7800BB7654 /* PerfectMsgCell.h */ = {isa = PBXFileReference; fileEncoding = 4; lastKnownFileType = sourcecode.c.h; path = PerfectMsgCell.h; sourceTree = "<group>"; };
		638E81411DF16A7800BB7654 /* PerfectMsgCell.m */ = {isa = PBXFileReference; fileEncoding = 4; lastKnownFileType = sourcecode.c.objc; path = PerfectMsgCell.m; sourceTree = "<group>"; };
		638E81421DF16A7800BB7654 /* PerfectMsgCell.xib */ = {isa = PBXFileReference; fileEncoding = 4; lastKnownFileType = file.xib; path = PerfectMsgCell.xib; sourceTree = "<group>"; };
		A963949E3CD318923A096B6A /* Pods-GraduationProject-ZCC.debug.xcconfig */ = {isa = PBXFileReference; includeInIndex = 1; lastKnownFileType = text.xcconfig; name = "Pods-GraduationProject-ZCC.debug.xcconfig"; path = "Pods/Target Support Files/Pods-GraduationProject-ZCC/Pods-GraduationProject-ZCC.debug.xcconfig"; sourceTree = "<group>"; };
/* End PBXFileReference section */

/* Begin PBXFrameworksBuildPhase section */
		636B73971DEFC6680042E7F9 /* Frameworks */ = {
			isa = PBXFrameworksBuildPhase;
			buildActionMask = 2147483647;
			files = (
				B4558E84024977644CA6C418 /* libPods-GraduationProject-ZCC.a in Frameworks */,
			);
			runOnlyForDeploymentPostprocessing = 0;
		};
		636B73B01DEFC6690042E7F9 /* Frameworks */ = {
			isa = PBXFrameworksBuildPhase;
			buildActionMask = 2147483647;
			files = (
			);
			runOnlyForDeploymentPostprocessing = 0;
		};
		636B73BB1DEFC6690042E7F9 /* Frameworks */ = {
			isa = PBXFrameworksBuildPhase;
			buildActionMask = 2147483647;
			files = (
			);
			runOnlyForDeploymentPostprocessing = 0;
		};
/* End PBXFrameworksBuildPhase section */

/* Begin PBXGroup section */
		5D6F021374B681131CBE7FF5 /* Pods */ = {
			isa = PBXGroup;
			children = (
				A963949E3CD318923A096B6A /* Pods-GraduationProject-ZCC.debug.xcconfig */,
				16AA2B755B08F4471E6C839F /* Pods-GraduationProject-ZCC.release.xcconfig */,
			);
			name = Pods;
			sourceTree = "<group>";
		};
		6364CDBF1DF5462800427097 /* CommonTools */ = {
			isa = PBXGroup;
			children = (
				6364CDC01DF5463100427097 /* HCDataHelper.h */,
				6364CDC11DF5463100427097 /* HCDataHelper.m */,
				6364CDC21DF5463100427097 /* UICountingLabel.h */,
				6364CDC31DF5463100427097 /* UICountingLabel.m */,
			);
			path = CommonTools;
			sourceTree = "<group>";
		};
		6364CDC61DF553C200427097 /* MeSetting */ = {
			isa = PBXGroup;
			children = (
				6364CDCC1DF5540700427097 /* Controller */,
				6364CDD01DF5540700427097 /* Model */,
				6364CDD11DF5540700427097 /* View */,
			);
			path = MeSetting;
			sourceTree = "<group>";
		};
		6364CDCC1DF5540700427097 /* Controller */ = {
			isa = PBXGroup;
			children = (
				6364CDCD1DF5540700427097 /* MeViewController.h */,
				6364CDCE1DF5540700427097 /* MeViewController.m */,
				6364CDCF1DF5540700427097 /* MeViewController.xib */,
			);
			path = Controller;
			sourceTree = "<group>";
		};
		6364CDD01DF5540700427097 /* Model */ = {
			isa = PBXGroup;
			children = (
			);
			path = Model;
			sourceTree = "<group>";
		};
		6364CDD11DF5540700427097 /* View */ = {
			isa = PBXGroup;
			children = (
				6364CDD41DF55C0C00427097 /* MeHeadView.h */,
				6364CDD51DF55C0C00427097 /* MeHeadView.m */,
				6364CDD71DF55C1300427097 /* MeHeadView.xib */,
			);
			path = View;
			sourceTree = "<group>";
		};
		6364CDD91DF561A400427097 /* MyTools */ = {
			isa = PBXGroup;
			children = (
				636B73F41DF01CCF0042E7F9 /* AppTools.h */,
				636B73F51DF01CCF0042E7F9 /* AppTools.m */,
				6364CDB91DF5314500427097 /* LoadManager.h */,
				6364CDBA1DF5314500427097 /* LoadManager.m */,
				6364CDDA1DF561BF00427097 /* SaveDataTools.h */,
				6364CDDB1DF561BF00427097 /* SaveDataTools.m */,
			);
			path = MyTools;
			sourceTree = "<group>";
		};
		636B73911DEFC6680042E7F9 = {
			isa = PBXGroup;
			children = (
				636B739C1DEFC6680042E7F9 /* GraduationProject-ZCC */,
				636B73B61DEFC6690042E7F9 /* GraduationProject-ZCCTests */,
				636B73C11DEFC6690042E7F9 /* GraduationProject-ZCCUITests */,
				636B739B1DEFC6680042E7F9 /* Products */,
				5D6F021374B681131CBE7FF5 /* Pods */,
				CD1E45ED09C58D3F7BD4891B /* Frameworks */,
			);
			sourceTree = "<group>";
		};
		636B739B1DEFC6680042E7F9 /* Products */ = {
			isa = PBXGroup;
			children = (
				636B739A1DEFC6680042E7F9 /* GraduationProject-ZCC.app */,
				636B73B31DEFC6690042E7F9 /* GraduationProject-ZCCTests.xctest */,
				636B73BE1DEFC6690042E7F9 /* GraduationProject-ZCCUITests.xctest */,
			);
			name = Products;
			sourceTree = "<group>";
		};
		636B739C1DEFC6680042E7F9 /* GraduationProject-ZCC */ = {
			isa = PBXGroup;
			children = (
				6364CDD91DF561A400427097 /* MyTools */,
				6364CDBF1DF5462800427097 /* CommonTools */,
				636B73E81DF014460042E7F9 /* CategoryTools */,
				636B73D01DEFCBFD0042E7F9 /* BaseTools */,
				636B73A01DEFC6680042E7F9 /* AppDelegate.h */,
				636B73A11DEFC6680042E7F9 /* AppDelegate.m */,
				636B740F1DF029F60042E7F9 /* MainViewController.h */,
				636B74101DF029F60042E7F9 /* MainViewController.m */,
				6364CDC61DF553C200427097 /* MeSetting */,
				636B73FC1DF024080042E7F9 /* Login */,
				636B739D1DEFC6680042E7F9 /* Supporting Files */,
			);
			path = "GraduationProject-ZCC";
			sourceTree = "<group>";
		};
		636B739D1DEFC6680042E7F9 /* Supporting Files */ = {
			isa = PBXGroup;
			children = (
				636B73A91DEFC6680042E7F9 /* Assets.xcassets */,
				636B73AB1DEFC6680042E7F9 /* LaunchScreen.storyboard */,
				636B73AE1DEFC6680042E7F9 /* Info.plist */,
				636B739E1DEFC6680042E7F9 /* main.m */,
				636B73DD1DEFCCA10042E7F9 /* MyPch.pch */,
				636B73DE1DEFCCB00042E7F9 /* Const.h */,
			);
			name = "Supporting Files";
			sourceTree = "<group>";
		};
		636B73B61DEFC6690042E7F9 /* GraduationProject-ZCCTests */ = {
			isa = PBXGroup;
			children = (
				636B73B71DEFC6690042E7F9 /* GraduationProject_ZCCTests.m */,
				636B73B91DEFC6690042E7F9 /* Info.plist */,
			);
			path = "GraduationProject-ZCCTests";
			sourceTree = "<group>";
		};
		636B73C11DEFC6690042E7F9 /* GraduationProject-ZCCUITests */ = {
			isa = PBXGroup;
			children = (
				636B73C21DEFC6690042E7F9 /* GraduationProject_ZCCUITests.m */,
				636B73C41DEFC6690042E7F9 /* Info.plist */,
			);
			path = "GraduationProject-ZCCUITests";
			sourceTree = "<group>";
		};
		636B73D01DEFCBFD0042E7F9 /* BaseTools */ = {
			isa = PBXGroup;
			children = (
				636B73D11DEFCC1B0042E7F9 /* BaseNavigationController.h */,
				636B73D21DEFCC1B0042E7F9 /* BaseNavigationController.m */,
				636B73D41DEFCC2A0042E7F9 /* BaseTableViewController.h */,
				636B73D51DEFCC2A0042E7F9 /* BaseTableViewController.m */,
				636B73D71DEFCC3B0042E7F9 /* BaseViewController.h */,
				636B73D81DEFCC3B0042E7F9 /* BaseViewController.m */,
			);
			path = BaseTools;
			sourceTree = "<group>";
		};
		636B73E81DF014460042E7F9 /* CategoryTools */ = {
			isa = PBXGroup;
			children = (
				6364CDBC1DF53C8500427097 /* UIView+ViewController.h */,
				6364CDBD1DF53C8500427097 /* UIView+ViewController.m */,
				636B73E91DF014810042E7F9 /* UIBarButtonItem+CustomButton.h */,
				636B73EA1DF014810042E7F9 /* UIBarButtonItem+CustomButton.m */,
				636B73EB1DF014810042E7F9 /* UIViewController+HUDHelper.h */,
				636B73EC1DF014810042E7F9 /* UIViewController+HUDHelper.m */,
			);
			path = CategoryTools;
			sourceTree = "<group>";
		};
		636B73FC1DF024080042E7F9 /* Login */ = {
			isa = PBXGroup;
			children = (
				638E81321DF160C200BB7654 /* View */,
				638E81231DF160C200BB7654 /* Controller */,
				638E81311DF160C200BB7654 /* Model */,
			);
			path = Login;
			sourceTree = "<group>";
		};
		638E81231DF160C200BB7654 /* Controller */ = {
			isa = PBXGroup;
			children = (
				638E812F1DF160C200BB7654 /* StartViewController.h */,
				638E81301DF160C200BB7654 /* StartViewController.m */,
				638E81271DF160C200BB7654 /* LoginViewController.h */,
				638E81281DF160C200BB7654 /* LoginViewController.m */,
				638E81291DF160C200BB7654 /* LoginViewController.xib */,
				638E812A1DF160C200BB7654 /* PerfectViewController.h */,
				638E812B1DF160C200BB7654 /* PerfectViewController.m */,
				638E812C1DF160C200BB7654 /* RestPasswordViewController.h */,
				638E812D1DF160C200BB7654 /* RestPasswordViewController.m */,
				638E812E1DF160C200BB7654 /* RestPasswordViewController.xib */,
				638E81241DF160C200BB7654 /* BindPhoneViewController.h */,
				638E81251DF160C200BB7654 /* BindPhoneViewController.m */,
				638E81261DF160C200BB7654 /* BindPhoneViewController.xib */,
			);
			path = Controller;
			sourceTree = "<group>";
		};
		638E81311DF160C200BB7654 /* Model */ = {
			isa = PBXGroup;
			children = (
			);
			path = Model;
			sourceTree = "<group>";
		};
		638E81321DF160C200BB7654 /* View */ = {
			isa = PBXGroup;
			children = (
				638E813B1DF160DA00BB7654 /* PerfectHeadView.h */,
				638E813C1DF160DA00BB7654 /* PerfectHeadView.m */,
				638E813E1DF1612700BB7654 /* PerfectHeadView.xib */,
				638E81401DF16A7800BB7654 /* PerfectMsgCell.h */,
				638E81411DF16A7800BB7654 /* PerfectMsgCell.m */,
				638E81421DF16A7800BB7654 /* PerfectMsgCell.xib */,
				6364CDB31DF50A6400427097 /* SexPickerTools.h */,
				6364CDB41DF50A6400427097 /* SexPickerTools.m */,
				6364CDB61DF50AA700427097 /* SexPickerTools.xib */,
			);
			path = View;
			sourceTree = "<group>";
		};
		CD1E45ED09C58D3F7BD4891B /* Frameworks */ = {
			isa = PBXGroup;
			children = (
				156D673C949F06C5CF32EFC3 /* libPods-GraduationProject-ZCC.a */,
			);
			name = Frameworks;
			sourceTree = "<group>";
		};
/* End PBXGroup section */

/* Begin PBXNativeTarget section */
		636B73991DEFC6680042E7F9 /* GraduationProject-ZCC */ = {
			isa = PBXNativeTarget;
			buildConfigurationList = 636B73C71DEFC6690042E7F9 /* Build configuration list for PBXNativeTarget "GraduationProject-ZCC" */;
			buildPhases = (
				8C12EA8768D46F470003035C /* [CP] Check Pods Manifest.lock */,
				636B73961DEFC6680042E7F9 /* Sources */,
				636B73971DEFC6680042E7F9 /* Frameworks */,
				636B73981DEFC6680042E7F9 /* Resources */,
				485E3CF51596DC6D163EC240 /* [CP] Embed Pods Frameworks */,
				5C942B353EACF0A672F03C82 /* [CP] Copy Pods Resources */,
			);
			buildRules = (
			);
			dependencies = (
			);
			name = "GraduationProject-ZCC";
			productName = "GraduationProject-ZCC";
			productReference = 636B739A1DEFC6680042E7F9 /* GraduationProject-ZCC.app */;
			productType = "com.apple.product-type.application";
		};
		636B73B21DEFC6690042E7F9 /* GraduationProject-ZCCTests */ = {
			isa = PBXNativeTarget;
			buildConfigurationList = 636B73CA1DEFC6690042E7F9 /* Build configuration list for PBXNativeTarget "GraduationProject-ZCCTests" */;
			buildPhases = (
				636B73AF1DEFC6690042E7F9 /* Sources */,
				636B73B01DEFC6690042E7F9 /* Frameworks */,
				636B73B11DEFC6690042E7F9 /* Resources */,
			);
			buildRules = (
			);
			dependencies = (
				636B73B51DEFC6690042E7F9 /* PBXTargetDependency */,
			);
			name = "GraduationProject-ZCCTests";
			productName = "GraduationProject-ZCCTests";
			productReference = 636B73B31DEFC6690042E7F9 /* GraduationProject-ZCCTests.xctest */;
			productType = "com.apple.product-type.bundle.unit-test";
		};
		636B73BD1DEFC6690042E7F9 /* GraduationProject-ZCCUITests */ = {
			isa = PBXNativeTarget;
			buildConfigurationList = 636B73CD1DEFC6690042E7F9 /* Build configuration list for PBXNativeTarget "GraduationProject-ZCCUITests" */;
			buildPhases = (
				636B73BA1DEFC6690042E7F9 /* Sources */,
				636B73BB1DEFC6690042E7F9 /* Frameworks */,
				636B73BC1DEFC6690042E7F9 /* Resources */,
			);
			buildRules = (
			);
			dependencies = (
				636B73C01DEFC6690042E7F9 /* PBXTargetDependency */,
			);
			name = "GraduationProject-ZCCUITests";
			productName = "GraduationProject-ZCCUITests";
			productReference = 636B73BE1DEFC6690042E7F9 /* GraduationProject-ZCCUITests.xctest */;
			productType = "com.apple.product-type.bundle.ui-testing";
		};
/* End PBXNativeTarget section */

/* Begin PBXProject section */
		636B73921DEFC6680042E7F9 /* Project object */ = {
			isa = PBXProject;
			attributes = {
				LastUpgradeCheck = 0810;
				ORGANIZATIONNAME = "诺达科技";
				TargetAttributes = {
					636B73991DEFC6680042E7F9 = {
						CreatedOnToolsVersion = 8.1;
						DevelopmentTeam = Z3J38YFUTH;
						ProvisioningStyle = Automatic;
					};
					636B73B21DEFC6690042E7F9 = {
						CreatedOnToolsVersion = 8.1;
						DevelopmentTeam = Z3J38YFUTH;
						ProvisioningStyle = Automatic;
						TestTargetID = 636B73991DEFC6680042E7F9;
					};
					636B73BD1DEFC6690042E7F9 = {
						CreatedOnToolsVersion = 8.1;
						DevelopmentTeam = Z3J38YFUTH;
						ProvisioningStyle = Automatic;
						TestTargetID = 636B73991DEFC6680042E7F9;
					};
				};
			};
			buildConfigurationList = 636B73951DEFC6680042E7F9 /* Build configuration list for PBXProject "GraduationProject-ZCC" */;
			compatibilityVersion = "Xcode 3.2";
			developmentRegion = English;
			hasScannedForEncodings = 0;
			knownRegions = (
				en,
				Base,
			);
			mainGroup = 636B73911DEFC6680042E7F9;
			productRefGroup = 636B739B1DEFC6680042E7F9 /* Products */;
			projectDirPath = "";
			projectRoot = "";
			targets = (
				636B73991DEFC6680042E7F9 /* GraduationProject-ZCC */,
				636B73B21DEFC6690042E7F9 /* GraduationProject-ZCCTests */,
				636B73BD1DEFC6690042E7F9 /* GraduationProject-ZCCUITests */,
			);
		};
/* End PBXProject section */

/* Begin PBXResourcesBuildPhase section */
		636B73981DEFC6680042E7F9 /* Resources */ = {
			isa = PBXResourcesBuildPhase;
			buildActionMask = 2147483647;
			files = (
				638E81361DF160C200BB7654 /* LoginViewController.xib in Resources */,
				6364CDD31DF5540700427097 /* MeViewController.xib in Resources */,
				638E81341DF160C200BB7654 /* BindPhoneViewController.xib in Resources */,
				6364CDB71DF50AA700427097 /* SexPickerTools.xib in Resources */,
				636B73AD1DEFC6680042E7F9 /* LaunchScreen.storyboard in Resources */,
				636B73AA1DEFC6680042E7F9 /* Assets.xcassets in Resources */,
				638E81441DF16A7800BB7654 /* PerfectMsgCell.xib in Resources */,
				638E813F1DF1612700BB7654 /* PerfectHeadView.xib in Resources */,
				6364CDD81DF55C1300427097 /* MeHeadView.xib in Resources */,
				638E81391DF160C200BB7654 /* RestPasswordViewController.xib in Resources */,
			);
			runOnlyForDeploymentPostprocessing = 0;
		};
		636B73B11DEFC6690042E7F9 /* Resources */ = {
			isa = PBXResourcesBuildPhase;
			buildActionMask = 2147483647;
			files = (
			);
			runOnlyForDeploymentPostprocessing = 0;
		};
		636B73BC1DEFC6690042E7F9 /* Resources */ = {
			isa = PBXResourcesBuildPhase;
			buildActionMask = 2147483647;
			files = (
			);
			runOnlyForDeploymentPostprocessing = 0;
		};
/* End PBXResourcesBuildPhase section */

/* Begin PBXShellScriptBuildPhase section */
		485E3CF51596DC6D163EC240 /* [CP] Embed Pods Frameworks */ = {
			isa = PBXShellScriptBuildPhase;
			buildActionMask = 2147483647;
			files = (
			);
			inputPaths = (
			);
			name = "[CP] Embed Pods Frameworks";
			outputPaths = (
			);
			runOnlyForDeploymentPostprocessing = 0;
			shellPath = /bin/sh;
			shellScript = "\"${SRCROOT}/Pods/Target Support Files/Pods-GraduationProject-ZCC/Pods-GraduationProject-ZCC-frameworks.sh\"\n";
			showEnvVarsInLog = 0;
		};
		5C942B353EACF0A672F03C82 /* [CP] Copy Pods Resources */ = {
			isa = PBXShellScriptBuildPhase;
			buildActionMask = 2147483647;
			files = (
			);
			inputPaths = (
			);
			name = "[CP] Copy Pods Resources";
			outputPaths = (
			);
			runOnlyForDeploymentPostprocessing = 0;
			shellPath = /bin/sh;
			shellScript = "\"${SRCROOT}/Pods/Target Support Files/Pods-GraduationProject-ZCC/Pods-GraduationProject-ZCC-resources.sh\"\n";
			showEnvVarsInLog = 0;
		};
		8C12EA8768D46F470003035C /* [CP] Check Pods Manifest.lock */ = {
			isa = PBXShellScriptBuildPhase;
			buildActionMask = 2147483647;
			files = (
			);
			inputPaths = (
			);
			name = "[CP] Check Pods Manifest.lock";
			outputPaths = (
			);
			runOnlyForDeploymentPostprocessing = 0;
			shellPath = /bin/sh;
			shellScript = "diff \"${PODS_ROOT}/../Podfile.lock\" \"${PODS_ROOT}/Manifest.lock\" > /dev/null\nif [ $? != 0 ] ; then\n    # print error to STDERR\n    echo \"error: The sandbox is not in sync with the Podfile.lock. Run 'pod install' or update your CocoaPods installation.\" >&2\n    exit 1\nfi\n";
			showEnvVarsInLog = 0;
		};
/* End PBXShellScriptBuildPhase section */

/* Begin PBXSourcesBuildPhase section */
		636B73961DEFC6680042E7F9 /* Sources */ = {
			isa = PBXSourcesBuildPhase;
			buildActionMask = 2147483647;
			files = (
				638E81331DF160C200BB7654 /* BindPhoneViewController.m in Sources */,
				6364CDBB1DF5314500427097 /* LoadManager.m in Sources */,
				6364CDBE1DF53C8500427097 /* UIView+ViewController.m in Sources */,
				636B73F61DF01CCF0042E7F9 /* AppTools.m in Sources */,
				6364CDDC1DF561BF00427097 /* SaveDataTools.m in Sources */,
				638E813D1DF160DA00BB7654 /* PerfectHeadView.m in Sources */,
				636B73A21DEFC6680042E7F9 /* AppDelegate.m in Sources */,
				638E813A1DF160C200BB7654 /* StartViewController.m in Sources */,
				638E81381DF160C200BB7654 /* RestPasswordViewController.m in Sources */,
				636B73ED1DF014810042E7F9 /* UIBarButtonItem+CustomButton.m in Sources */,
				636B73D91DEFCC3B0042E7F9 /* BaseViewController.m in Sources */,
				636B739F1DEFC6680042E7F9 /* main.m in Sources */,
				638E81371DF160C200BB7654 /* PerfectViewController.m in Sources */,
				6364CDB51DF50A6400427097 /* SexPickerTools.m in Sources */,
				636B73EE1DF014810042E7F9 /* UIViewController+HUDHelper.m in Sources */,
				6364CDD21DF5540700427097 /* MeViewController.m in Sources */,
				6364CDC41DF5463100427097 /* HCDataHelper.m in Sources */,
				638E81431DF16A7800BB7654 /* PerfectMsgCell.m in Sources */,
				636B74111DF029F60042E7F9 /* MainViewController.m in Sources */,
				6364CDC51DF5463100427097 /* UICountingLabel.m in Sources */,
				636B73D61DEFCC2A0042E7F9 /* BaseTableViewController.m in Sources */,
				638E81351DF160C200BB7654 /* LoginViewController.m in Sources */,
				636B73D31DEFCC1B0042E7F9 /* BaseNavigationController.m in Sources */,
				6364CDD61DF55C0C00427097 /* MeHeadView.m in Sources */,
			);
			runOnlyForDeploymentPostprocessing = 0;
		};
		636B73AF1DEFC6690042E7F9 /* Sources */ = {
			isa = PBXSourcesBuildPhase;
			buildActionMask = 2147483647;
			files = (
				636B73B81DEFC6690042E7F9 /* GraduationProject_ZCCTests.m in Sources */,
			);
			runOnlyForDeploymentPostprocessing = 0;
		};
		636B73BA1DEFC6690042E7F9 /* Sources */ = {
			isa = PBXSourcesBuildPhase;
			buildActionMask = 2147483647;
			files = (
				636B73C31DEFC6690042E7F9 /* GraduationProject_ZCCUITests.m in Sources */,
			);
			runOnlyForDeploymentPostprocessing = 0;
		};
/* End PBXSourcesBuildPhase section */

/* Begin PBXTargetDependency section */
		636B73B51DEFC6690042E7F9 /* PBXTargetDependency */ = {
			isa = PBXTargetDependency;
			target = 636B73991DEFC6680042E7F9 /* GraduationProject-ZCC */;
			targetProxy = 636B73B41DEFC6690042E7F9 /* PBXContainerItemProxy */;
		};
		636B73C01DEFC6690042E7F9 /* PBXTargetDependency */ = {
			isa = PBXTargetDependency;
			target = 636B73991DEFC6680042E7F9 /* GraduationProject-ZCC */;
			targetProxy = 636B73BF1DEFC6690042E7F9 /* PBXContainerItemProxy */;
		};
/* End PBXTargetDependency section */

/* Begin PBXVariantGroup section */
		636B73AB1DEFC6680042E7F9 /* LaunchScreen.storyboard */ = {
			isa = PBXVariantGroup;
			children = (
				636B73AC1DEFC6680042E7F9 /* Base */,
			);
			name = LaunchScreen.storyboard;
			sourceTree = "<group>";
		};
/* End PBXVariantGroup section */

/* Begin XCBuildConfiguration section */
		636B73C51DEFC6690042E7F9 /* Debug */ = {
			isa = XCBuildConfiguration;
			buildSettings = {
				ALWAYS_SEARCH_USER_PATHS = NO;
				CLANG_ANALYZER_NONNULL = YES;
				CLANG_CXX_LANGUAGE_STANDARD = "gnu++0x";
				CLANG_CXX_LIBRARY = "libc++";
				CLANG_ENABLE_MODULES = YES;
				CLANG_ENABLE_OBJC_ARC = YES;
				CLANG_WARN_BOOL_CONVERSION = YES;
				CLANG_WARN_CONSTANT_CONVERSION = YES;
				CLANG_WARN_DIRECT_OBJC_ISA_USAGE = YES_ERROR;
				CLANG_WARN_DOCUMENTATION_COMMENTS = YES;
				CLANG_WARN_EMPTY_BODY = YES;
				CLANG_WARN_ENUM_CONVERSION = YES;
				CLANG_WARN_INFINITE_RECURSION = YES;
				CLANG_WARN_INT_CONVERSION = YES;
				CLANG_WARN_OBJC_ROOT_CLASS = YES_ERROR;
				CLANG_WARN_SUSPICIOUS_MOVES = YES;
				CLANG_WARN_UNREACHABLE_CODE = YES;
				CLANG_WARN__DUPLICATE_METHOD_MATCH = YES;
				"CODE_SIGN_IDENTITY[sdk=iphoneos*]" = "iPhone Developer";
				COPY_PHASE_STRIP = NO;
				DEBUG_INFORMATION_FORMAT = dwarf;
				ENABLE_STRICT_OBJC_MSGSEND = YES;
				ENABLE_TESTABILITY = YES;
				GCC_C_LANGUAGE_STANDARD = gnu99;
				GCC_DYNAMIC_NO_PIC = NO;
				GCC_NO_COMMON_BLOCKS = YES;
				GCC_OPTIMIZATION_LEVEL = 0;
				GCC_PREPROCESSOR_DEFINITIONS = (
					"DEBUG=1",
					"$(inherited)",
				);
				GCC_WARN_64_TO_32_BIT_CONVERSION = YES;
				GCC_WARN_ABOUT_RETURN_TYPE = YES_ERROR;
				GCC_WARN_UNDECLARED_SELECTOR = YES;
				GCC_WARN_UNINITIALIZED_AUTOS = YES_AGGRESSIVE;
				GCC_WARN_UNUSED_FUNCTION = YES;
				GCC_WARN_UNUSED_VARIABLE = YES;
				IPHONEOS_DEPLOYMENT_TARGET = 10.1;
				MTL_ENABLE_DEBUG_INFO = YES;
				ONLY_ACTIVE_ARCH = YES;
				SDKROOT = iphoneos;
			};
			name = Debug;
		};
		636B73C61DEFC6690042E7F9 /* Release */ = {
			isa = XCBuildConfiguration;
			buildSettings = {
				ALWAYS_SEARCH_USER_PATHS = NO;
				CLANG_ANALYZER_NONNULL = YES;
				CLANG_CXX_LANGUAGE_STANDARD = "gnu++0x";
				CLANG_CXX_LIBRARY = "libc++";
				CLANG_ENABLE_MODULES = YES;
				CLANG_ENABLE_OBJC_ARC = YES;
				CLANG_WARN_BOOL_CONVERSION = YES;
				CLANG_WARN_CONSTANT_CONVERSION = YES;
				CLANG_WARN_DIRECT_OBJC_ISA_USAGE = YES_ERROR;
				CLANG_WARN_DOCUMENTATION_COMMENTS = YES;
				CLANG_WARN_EMPTY_BODY = YES;
				CLANG_WARN_ENUM_CONVERSION = YES;
				CLANG_WARN_INFINITE_RECURSION = YES;
				CLANG_WARN_INT_CONVERSION = YES;
				CLANG_WARN_OBJC_ROOT_CLASS = YES_ERROR;
				CLANG_WARN_SUSPICIOUS_MOVES = YES;
				CLANG_WARN_UNREACHABLE_CODE = YES;
				CLANG_WARN__DUPLICATE_METHOD_MATCH = YES;
				"CODE_SIGN_IDENTITY[sdk=iphoneos*]" = "iPhone Developer";
				COPY_PHASE_STRIP = NO;
				DEBUG_INFORMATION_FORMAT = "dwarf-with-dsym";
				ENABLE_NS_ASSERTIONS = NO;
				ENABLE_STRICT_OBJC_MSGSEND = YES;
				GCC_C_LANGUAGE_STANDARD = gnu99;
				GCC_NO_COMMON_BLOCKS = YES;
				GCC_WARN_64_TO_32_BIT_CONVERSION = YES;
				GCC_WARN_ABOUT_RETURN_TYPE = YES_ERROR;
				GCC_WARN_UNDECLARED_SELECTOR = YES;
				GCC_WARN_UNINITIALIZED_AUTOS = YES_AGGRESSIVE;
				GCC_WARN_UNUSED_FUNCTION = YES;
				GCC_WARN_UNUSED_VARIABLE = YES;
				IPHONEOS_DEPLOYMENT_TARGET = 10.1;
				MTL_ENABLE_DEBUG_INFO = NO;
				SDKROOT = iphoneos;
				VALIDATE_PRODUCT = YES;
			};
			name = Release;
		};
		636B73C81DEFC6690042E7F9 /* Debug */ = {
			isa = XCBuildConfiguration;
			baseConfigurationReference = A963949E3CD318923A096B6A /* Pods-GraduationProject-ZCC.debug.xcconfig */;
			buildSettings = {
				ASSETCATALOG_COMPILER_APPICON_NAME = AppIcon;
				DEVELOPMENT_TEAM = Z3J38YFUTH;
				ENABLE_BITCODE = NO;
				GCC_PRECOMPILE_PREFIX_HEADER = YES;
				GCC_PREFIX_HEADER = "$(SRCROOT)/GraduationProject-ZCC/MyPch.pch";
				INFOPLIST_FILE = "GraduationProject-ZCC/Info.plist";
				LD_RUNPATH_SEARCH_PATHS = "$(inherited) @executable_path/Frameworks";
				PRODUCT_BUNDLE_IDENTIFIER = zcc.com.gp;
				PRODUCT_NAME = "$(TARGET_NAME)";
			};
			name = Debug;
		};
		636B73C91DEFC6690042E7F9 /* Release */ = {
			isa = XCBuildConfiguration;
			baseConfigurationReference = 16AA2B755B08F4471E6C839F /* Pods-GraduationProject-ZCC.release.xcconfig */;
			buildSettings = {
				ASSETCATALOG_COMPILER_APPICON_NAME = AppIcon;
				DEVELOPMENT_TEAM = Z3J38YFUTH;
				ENABLE_BITCODE = NO;
				GCC_PRECOMPILE_PREFIX_HEADER = YES;
				GCC_PREFIX_HEADER = "$(SRCROOT)/GraduationProject-ZCC/MyPch.pch";
				INFOPLIST_FILE = "GraduationProject-ZCC/Info.plist";
				LD_RUNPATH_SEARCH_PATHS = "$(inherited) @executable_path/Frameworks";
				PRODUCT_BUNDLE_IDENTIFIER = zcc.com.gp;
				PRODUCT_NAME = "$(TARGET_NAME)";
			};
			name = Release;
		};
		636B73CB1DEFC6690042E7F9 /* Debug */ = {
			isa = XCBuildConfiguration;
			buildSettings = {
				BUNDLE_LOADER = "$(TEST_HOST)";
				DEVELOPMENT_TEAM = Z3J38YFUTH;
				INFOPLIST_FILE = "GraduationProject-ZCCTests/Info.plist";
				LD_RUNPATH_SEARCH_PATHS = "$(inherited) @executable_path/Frameworks @loader_path/Frameworks";
				PRODUCT_BUNDLE_IDENTIFIER = "zcc.GraduationProject-ZCCTests";
				PRODUCT_NAME = "$(TARGET_NAME)";
				TEST_HOST = "$(BUILT_PRODUCTS_DIR)/GraduationProject-ZCC.app/GraduationProject-ZCC";
			};
			name = Debug;
		};
		636B73CC1DEFC6690042E7F9 /* Release */ = {
			isa = XCBuildConfiguration;
			buildSettings = {
				BUNDLE_LOADER = "$(TEST_HOST)";
				DEVELOPMENT_TEAM = Z3J38YFUTH;
				INFOPLIST_FILE = "GraduationProject-ZCCTests/Info.plist";
				LD_RUNPATH_SEARCH_PATHS = "$(inherited) @executable_path/Frameworks @loader_path/Frameworks";
				PRODUCT_BUNDLE_IDENTIFIER = "zcc.GraduationProject-ZCCTests";
				PRODUCT_NAME = "$(TARGET_NAME)";
				TEST_HOST = "$(BUILT_PRODUCTS_DIR)/GraduationProject-ZCC.app/GraduationProject-ZCC";
			};
			name = Release;
		};
		636B73CE1DEFC6690042E7F9 /* Debug */ = {
			isa = XCBuildConfiguration;
			buildSettings = {
				DEVELOPMENT_TEAM = Z3J38YFUTH;
				INFOPLIST_FILE = "GraduationProject-ZCCUITests/Info.plist";
				LD_RUNPATH_SEARCH_PATHS = "$(inherited) @executable_path/Frameworks @loader_path/Frameworks";
				PRODUCT_BUNDLE_IDENTIFIER = "zcc.GraduationProject-ZCCUITests";
				PRODUCT_NAME = "$(TARGET_NAME)";
				TEST_TARGET_NAME = "GraduationProject-ZCC";
			};
			name = Debug;
		};
		636B73CF1DEFC6690042E7F9 /* Release */ = {
			isa = XCBuildConfiguration;
			buildSettings = {
				DEVELOPMENT_TEAM = Z3J38YFUTH;
				INFOPLIST_FILE = "GraduationProject-ZCCUITests/Info.plist";
				LD_RUNPATH_SEARCH_PATHS = "$(inherited) @executable_path/Frameworks @loader_path/Frameworks";
				PRODUCT_BUNDLE_IDENTIFIER = "zcc.GraduationProject-ZCCUITests";
				PRODUCT_NAME = "$(TARGET_NAME)";
				TEST_TARGET_NAME = "GraduationProject-ZCC";
			};
			name = Release;
		};
/* End XCBuildConfiguration section */

/* Begin XCConfigurationList section */
		636B73951DEFC6680042E7F9 /* Build configuration list for PBXProject "GraduationProject-ZCC" */ = {
			isa = XCConfigurationList;
			buildConfigurations = (
				636B73C51DEFC6690042E7F9 /* Debug */,
				636B73C61DEFC6690042E7F9 /* Release */,
			);
			defaultConfigurationIsVisible = 0;
			defaultConfigurationName = Release;
		};
		636B73C71DEFC6690042E7F9 /* Build configuration list for PBXNativeTarget "GraduationProject-ZCC" */ = {
			isa = XCConfigurationList;
			buildConfigurations = (
				636B73C81DEFC6690042E7F9 /* Debug */,
				636B73C91DEFC6690042E7F9 /* Release */,
			);
			defaultConfigurationIsVisible = 0;
			defaultConfigurationName = Release;
		};
		636B73CA1DEFC6690042E7F9 /* Build configuration list for PBXNativeTarget "GraduationProject-ZCCTests" */ = {
			isa = XCConfigurationList;
			buildConfigurations = (
				636B73CB1DEFC6690042E7F9 /* Debug */,
				636B73CC1DEFC6690042E7F9 /* Release */,
			);
			defaultConfigurationIsVisible = 0;
			defaultConfigurationName = Release;
		};
		636B73CD1DEFC6690042E7F9 /* Build configuration list for PBXNativeTarget "GraduationProject-ZCCUITests" */ = {
			isa = XCConfigurationList;
			buildConfigurations = (
				636B73CE1DEFC6690042E7F9 /* Debug */,
				636B73CF1DEFC6690042E7F9 /* Release */,
			);
			defaultConfigurationIsVisible = 0;
			defaultConfigurationName = Release;
		};
/* End XCConfigurationList section */
	};
	rootObject = 636B73921DEFC6680042E7F9 /* Project object */;
}
